// !$*UTF8*$!
{
	archiveVersion = 1;
	classes = {
	};
	objectVersion = 56;
	objects = {

/* Begin PBXBuildFile section */
		6C4452B82AA6EF8500BE5930 /* GreenCircleApp.swift in Sources */ = {isa = PBXBuildFile; fileRef = 6C4452B72AA6EF8500BE5930 /* GreenCircleApp.swift */; };
		6C4452BA2AA6EF8500BE5930 /* ContentView.swift in Sources */ = {isa = PBXBuildFile; fileRef = 6C4452B92AA6EF8500BE5930 /* ContentView.swift */; };
		6C4452BC2AA6EF8600BE5930 /* Assets.xcassets in Resources */ = {isa = PBXBuildFile; fileRef = 6C4452BB2AA6EF8600BE5930 /* Assets.xcassets */; };
		6C4452BF2AA6EF8600BE5930 /* Preview Assets.xcassets in Resources */ = {isa = PBXBuildFile; fileRef = 6C4452BE2AA6EF8600BE5930 /* Preview Assets.xcassets */; };
		6C4452C92AA6EF8600BE5930 /* GreenCircleTests.swift in Sources */ = {isa = PBXBuildFile; fileRef = 6C4452C82AA6EF8600BE5930 /* GreenCircleTests.swift */; };
		6C4452D32AA6EF8600BE5930 /* GreenCircleUITests.swift in Sources */ = {isa = PBXBuildFile; fileRef = 6C4452D22AA6EF8600BE5930 /* GreenCircleUITests.swift */; };
		6C4452D52AA6EF8600BE5930 /* GreenCircleUITestsLaunchTests.swift in Sources */ = {isa = PBXBuildFile; fileRef = 6C4452D42AA6EF8600BE5930 /* GreenCircleUITestsLaunchTests.swift */; };
		6C9761812AB2B2920046DB50 /* NetworkAPIService.swift in Sources */ = {isa = PBXBuildFile; fileRef = 6C9761802AB2B2920046DB50 /* NetworkAPIService.swift */; };
		6C9761832AB2B45D0046DB50 /* DummyModel.swift in Sources */ = {isa = PBXBuildFile; fileRef = 6C9761822AB2B45D0046DB50 /* DummyModel.swift */; };
		6C9761872AB2B65C0046DB50 /* DummyRepository.swift in Sources */ = {isa = PBXBuildFile; fileRef = 6C9761862AB2B65C0046DB50 /* DummyRepository.swift */; };
		6CB498242AB0DECC00B6560C /* PaginatedQuery.swift in Sources */ = {isa = PBXBuildFile; fileRef = 6CB498232AB0DECC00B6560C /* PaginatedQuery.swift */; };
		6CB498272AB0E07600B6560C /* Alamofire in Frameworks */ = {isa = PBXBuildFile; productRef = 6CB498262AB0E07600B6560C /* Alamofire */; };
		6CB4982A2AB0FAA400B6560C /* CustomDateFormatter.swift in Sources */ = {isa = PBXBuildFile; fileRef = 6CB498292AB0FAA400B6560C /* CustomDateFormatter.swift */; };
		C40CEC252AAABC92004F8521 /* NavBarTheme.swift in Sources */ = {isa = PBXBuildFile; fileRef = C40CEC242AAABC92004F8521 /* NavBarTheme.swift */; };
		C40F9DF52AAA26E600F00028 /* .swiftlint.yml in Resources */ = {isa = PBXBuildFile; fileRef = C40F9DF42AAA26E600F00028 /* .swiftlint.yml */; };
		C40F9DF72AAA2D3A00F00028 /* ContactCompanyView.swift in Sources */ = {isa = PBXBuildFile; fileRef = C40F9DF62AAA2D3900F00028 /* ContactCompanyView.swift */; };
		C40F9DF92AAA415F00F00028 /* CompanyProductsModel.swift in Sources */ = {isa = PBXBuildFile; fileRef = C40F9DF82AAA415F00F00028 /* CompanyProductsModel.swift */; };
		C40F9DFB2AAA418300F00028 /* ProductModel.swift in Sources */ = {isa = PBXBuildFile; fileRef = C40F9DFA2AAA418300F00028 /* ProductModel.swift */; };
		C417D9AA2AB51A7500B80B85 /* CompanyViewModelTest.swift in Sources */ = {isa = PBXBuildFile; fileRef = C417D9A92AB51A7500B80B85 /* CompanyViewModelTest.swift */; };
		C45AC64C2AAD3A82005F2F6C /* FetchCompanyDataUseCase.swift in Sources */ = {isa = PBXBuildFile; fileRef = C45AC64B2AAD3A82005F2F6C /* FetchCompanyDataUseCase.swift */; };
		C46859442AB385F20035326F /* CustomCornerImage.swift in Sources */ = {isa = PBXBuildFile; fileRef = C46859432AB385F20035326F /* CustomCornerImage.swift */; };
		C4E5D1302AA926BF001BE235 /* CompanyModel.swift in Sources */ = {isa = PBXBuildFile; fileRef = C4E5D12F2AA926BF001BE235 /* CompanyModel.swift */; };
		C4E5D1342AA92D1F001BE235 /* CompanyRepository.swift in Sources */ = {isa = PBXBuildFile; fileRef = C4E5D1332AA92D1F001BE235 /* CompanyRepository.swift */; };
		C4E5D1362AA93BAA001BE235 /* CompanyViewModel.swift in Sources */ = {isa = PBXBuildFile; fileRef = C4E5D1352AA93BAA001BE235 /* CompanyViewModel.swift */; };
		C4F664602AB1760800C443AE /* CompanyImagesModel.swift in Sources */ = {isa = PBXBuildFile; fileRef = C4F6645F2AB1760800C443AE /* CompanyImagesModel.swift */; };
		C4F664622AB1924F00C443AE /* RatingCompanyView.swift in Sources */ = {isa = PBXBuildFile; fileRef = C4F664612AB1924F00C443AE /* RatingCompanyView.swift */; };
/* End PBXBuildFile section */

/* Begin PBXContainerItemProxy section */
		6C4452C52AA6EF8600BE5930 /* PBXContainerItemProxy */ = {
			isa = PBXContainerItemProxy;
			containerPortal = 6C4452AC2AA6EF8500BE5930 /* Project object */;
			proxyType = 1;
			remoteGlobalIDString = 6C4452B32AA6EF8500BE5930;
			remoteInfo = GreenCircle;
		};
		6C4452CF2AA6EF8600BE5930 /* PBXContainerItemProxy */ = {
			isa = PBXContainerItemProxy;
			containerPortal = 6C4452AC2AA6EF8500BE5930 /* Project object */;
			proxyType = 1;
			remoteGlobalIDString = 6C4452B32AA6EF8500BE5930;
			remoteInfo = GreenCircle;
		};
/* End PBXContainerItemProxy section */

/* Begin PBXFileReference section */
		6C4452B42AA6EF8500BE5930 /* GreenCircle.app */ = {isa = PBXFileReference; explicitFileType = wrapper.application; includeInIndex = 0; path = GreenCircle.app; sourceTree = BUILT_PRODUCTS_DIR; };
		6C4452B72AA6EF8500BE5930 /* GreenCircleApp.swift */ = {isa = PBXFileReference; lastKnownFileType = sourcecode.swift; path = GreenCircleApp.swift; sourceTree = "<group>"; };
		6C4452B92AA6EF8500BE5930 /* ContentView.swift */ = {isa = PBXFileReference; lastKnownFileType = sourcecode.swift; path = ContentView.swift; sourceTree = "<group>"; };
		6C4452BB2AA6EF8600BE5930 /* Assets.xcassets */ = {isa = PBXFileReference; lastKnownFileType = folder.assetcatalog; path = Assets.xcassets; sourceTree = "<group>"; };
		6C4452BE2AA6EF8600BE5930 /* Preview Assets.xcassets */ = {isa = PBXFileReference; lastKnownFileType = folder.assetcatalog; path = "Preview Assets.xcassets"; sourceTree = "<group>"; };
		6C4452C42AA6EF8600BE5930 /* GreenCircleTests.xctest */ = {isa = PBXFileReference; explicitFileType = wrapper.cfbundle; includeInIndex = 0; path = GreenCircleTests.xctest; sourceTree = BUILT_PRODUCTS_DIR; };
		6C4452C82AA6EF8600BE5930 /* GreenCircleTests.swift */ = {isa = PBXFileReference; lastKnownFileType = sourcecode.swift; path = GreenCircleTests.swift; sourceTree = "<group>"; };
		6C4452CE2AA6EF8600BE5930 /* GreenCircleUITests.xctest */ = {isa = PBXFileReference; explicitFileType = wrapper.cfbundle; includeInIndex = 0; path = GreenCircleUITests.xctest; sourceTree = BUILT_PRODUCTS_DIR; };
		6C4452D22AA6EF8600BE5930 /* GreenCircleUITests.swift */ = {isa = PBXFileReference; lastKnownFileType = sourcecode.swift; path = GreenCircleUITests.swift; sourceTree = "<group>"; };
		6C4452D42AA6EF8600BE5930 /* GreenCircleUITestsLaunchTests.swift */ = {isa = PBXFileReference; lastKnownFileType = sourcecode.swift; path = GreenCircleUITestsLaunchTests.swift; sourceTree = "<group>"; };
		6C9761802AB2B2920046DB50 /* NetworkAPIService.swift */ = {isa = PBXFileReference; lastKnownFileType = sourcecode.swift; path = NetworkAPIService.swift; sourceTree = "<group>"; };
		6C9761822AB2B45D0046DB50 /* DummyModel.swift */ = {isa = PBXFileReference; lastKnownFileType = sourcecode.swift; path = DummyModel.swift; sourceTree = "<group>"; };
		6C9761862AB2B65C0046DB50 /* DummyRepository.swift */ = {isa = PBXFileReference; lastKnownFileType = sourcecode.swift; path = DummyRepository.swift; sourceTree = "<group>"; };
		6CB498232AB0DECC00B6560C /* PaginatedQuery.swift */ = {isa = PBXFileReference; lastKnownFileType = sourcecode.swift; path = PaginatedQuery.swift; sourceTree = "<group>"; };
		6CB498292AB0FAA400B6560C /* CustomDateFormatter.swift */ = {isa = PBXFileReference; lastKnownFileType = sourcecode.swift; path = CustomDateFormatter.swift; sourceTree = "<group>"; };
		C40CEC242AAABC92004F8521 /* NavBarTheme.swift */ = {isa = PBXFileReference; lastKnownFileType = sourcecode.swift; path = NavBarTheme.swift; sourceTree = "<group>"; };
		C40F9DF42AAA26E600F00028 /* .swiftlint.yml */ = {isa = PBXFileReference; lastKnownFileType = text.yaml; path = .swiftlint.yml; sourceTree = "<group>"; };
		C40F9DF62AAA2D3900F00028 /* ContactCompanyView.swift */ = {isa = PBXFileReference; lastKnownFileType = sourcecode.swift; path = ContactCompanyView.swift; sourceTree = "<group>"; };
		C40F9DF82AAA415F00F00028 /* CompanyProductsModel.swift */ = {isa = PBXFileReference; lastKnownFileType = sourcecode.swift; path = CompanyProductsModel.swift; sourceTree = "<group>"; };
		C40F9DFA2AAA418300F00028 /* ProductModel.swift */ = {isa = PBXFileReference; lastKnownFileType = sourcecode.swift; path = ProductModel.swift; sourceTree = "<group>"; };
		C417D9A92AB51A7500B80B85 /* CompanyViewModelTest.swift */ = {isa = PBXFileReference; lastKnownFileType = sourcecode.swift; path = CompanyViewModelTest.swift; sourceTree = "<group>"; };
		C45AC64B2AAD3A82005F2F6C /* FetchCompanyDataUseCase.swift */ = {isa = PBXFileReference; fileEncoding = 4; lastKnownFileType = sourcecode.swift; path = FetchCompanyDataUseCase.swift; sourceTree = "<group>"; };
		C46859432AB385F20035326F /* CustomCornerImage.swift */ = {isa = PBXFileReference; lastKnownFileType = sourcecode.swift; path = CustomCornerImage.swift; sourceTree = "<group>"; };
		C4E5D12F2AA926BF001BE235 /* CompanyModel.swift */ = {isa = PBXFileReference; lastKnownFileType = sourcecode.swift; path = CompanyModel.swift; sourceTree = "<group>"; };
		C4E5D1332AA92D1F001BE235 /* CompanyRepository.swift */ = {isa = PBXFileReference; lastKnownFileType = sourcecode.swift; path = CompanyRepository.swift; sourceTree = "<group>"; };
		C4E5D1352AA93BAA001BE235 /* CompanyViewModel.swift */ = {isa = PBXFileReference; lastKnownFileType = sourcecode.swift; path = CompanyViewModel.swift; sourceTree = "<group>"; };
		C4F6645F2AB1760800C443AE /* CompanyImagesModel.swift */ = {isa = PBXFileReference; lastKnownFileType = sourcecode.swift; path = CompanyImagesModel.swift; sourceTree = "<group>"; };
		C4F664612AB1924F00C443AE /* RatingCompanyView.swift */ = {isa = PBXFileReference; lastKnownFileType = sourcecode.swift; path = RatingCompanyView.swift; sourceTree = "<group>"; };
/* End PBXFileReference section */

/* Begin PBXFrameworksBuildPhase section */
		6C4452B12AA6EF8500BE5930 /* Frameworks */ = {
			isa = PBXFrameworksBuildPhase;
			buildActionMask = 2147483647;
			files = (
				6CB498272AB0E07600B6560C /* Alamofire in Frameworks */,
			);
			runOnlyForDeploymentPostprocessing = 0;
		};
		6C4452C12AA6EF8600BE5930 /* Frameworks */ = {
			isa = PBXFrameworksBuildPhase;
			buildActionMask = 2147483647;
			files = (
			);
			runOnlyForDeploymentPostprocessing = 0;
		};
		6C4452CB2AA6EF8600BE5930 /* Frameworks */ = {
			isa = PBXFrameworksBuildPhase;
			buildActionMask = 2147483647;
			files = (
			);
			runOnlyForDeploymentPostprocessing = 0;
		};
/* End PBXFrameworksBuildPhase section */

/* Begin PBXGroup section */
		6C4452AB2AA6EF8500BE5930 = {
			isa = PBXGroup;
			children = (
				C40F9DF42AAA26E600F00028 /* .swiftlint.yml */,
				6C4452B62AA6EF8500BE5930 /* GreenCircle */,
				6C4452C72AA6EF8600BE5930 /* GreenCircleTests */,
				6C4452D12AA6EF8600BE5930 /* GreenCircleUITests */,
				6C4452B52AA6EF8500BE5930 /* Products */,
			);
			sourceTree = "<group>";
		};
		6C4452B52AA6EF8500BE5930 /* Products */ = {
			isa = PBXGroup;
			children = (
				6C4452B42AA6EF8500BE5930 /* GreenCircle.app */,
				6C4452C42AA6EF8600BE5930 /* GreenCircleTests.xctest */,
				6C4452CE2AA6EF8600BE5930 /* GreenCircleUITests.xctest */,
			);
			name = Products;
			sourceTree = "<group>";
		};
		6C4452B62AA6EF8500BE5930 /* GreenCircle */ = {
			isa = PBXGroup;
			children = (
				6C4452E42AA6F06D00BE5930 /* Utils */,
				6C4452E32AA6F06700BE5930 /* Data */,
				6C4452E22AA6F05F00BE5930 /* Domain */,
				6C4452E12AA6F04D00BE5930 /* Presentation */,
				6C4452B72AA6EF8500BE5930 /* GreenCircleApp.swift */,
				6C4452B92AA6EF8500BE5930 /* ContentView.swift */,
				6C4452BB2AA6EF8600BE5930 /* Assets.xcassets */,
				6C4452BD2AA6EF8600BE5930 /* Preview Content */,
			);
			path = GreenCircle;
			sourceTree = "<group>";
		};
		6C4452BD2AA6EF8600BE5930 /* Preview Content */ = {
			isa = PBXGroup;
			children = (
				6C4452BE2AA6EF8600BE5930 /* Preview Assets.xcassets */,
			);
			path = "Preview Content";
			sourceTree = "<group>";
		};
		6C4452C72AA6EF8600BE5930 /* GreenCircleTests */ = {
			isa = PBXGroup;
			children = (
				6C4452C82AA6EF8600BE5930 /* GreenCircleTests.swift */,
				C417D9A92AB51A7500B80B85 /* CompanyViewModelTest.swift */,
			);
			path = GreenCircleTests;
			sourceTree = "<group>";
		};
		6C4452D12AA6EF8600BE5930 /* GreenCircleUITests */ = {
			isa = PBXGroup;
			children = (
				6C4452D22AA6EF8600BE5930 /* GreenCircleUITests.swift */,
				6C4452D42AA6EF8600BE5930 /* GreenCircleUITestsLaunchTests.swift */,
			);
			path = GreenCircleUITests;
			sourceTree = "<group>";
		};
		6C4452E12AA6F04D00BE5930 /* Presentation */ = {
			isa = PBXGroup;
			children = (
				6C4452E62AA6F08F00BE5930 /* ViewModels */,
				6C4452E52AA6F08700BE5930 /* Views */,
			);
			path = Presentation;
			sourceTree = "<group>";
		};
		6C4452E22AA6F05F00BE5930 /* Domain */ = {
			isa = PBXGroup;
			children = (
				6C4452E72AA6F09500BE5930 /* UseCases */,
			);
			path = Domain;
			sourceTree = "<group>";
		};
		6C4452E32AA6F06700BE5930 /* Data */ = {
			isa = PBXGroup;
			children = (
				6C4452E82AA6F09D00BE5930 /* Models */,
				6C4452EA2AA6F0AE00BE5930 /* Remote */,
				6C4452E92AA6F0A800BE5930 /* Repository */,
			);
			path = Data;
			sourceTree = "<group>";
		};
		6C4452E42AA6F06D00BE5930 /* Utils */ = {
			isa = PBXGroup;
			children = (
				C40CEC242AAABC92004F8521 /* NavBarTheme.swift */,
				C46859432AB385F20035326F /* CustomCornerImage.swift */,
			);
			path = Utils;
			sourceTree = "<group>";
		};
		6C4452E52AA6F08700BE5930 /* Views */ = {
			isa = PBXGroup;
			children = (
				C40F9DF62AAA2D3900F00028 /* ContactCompanyView.swift */,
				C4F664612AB1924F00C443AE /* RatingCompanyView.swift */,
			);
			path = Views;
			sourceTree = "<group>";
		};
		6C4452E62AA6F08F00BE5930 /* ViewModels */ = {
			isa = PBXGroup;
			children = (
				C4E5D1352AA93BAA001BE235 /* CompanyViewModel.swift */,
			);
			path = ViewModels;
			sourceTree = "<group>";
		};
		6C4452E72AA6F09500BE5930 /* UseCases */ = {
			isa = PBXGroup;
			children = (
				C45AC64B2AAD3A82005F2F6C /* FetchCompanyDataUseCase.swift */,
			);
			path = UseCases;
			sourceTree = "<group>";
		};
		6C4452E82AA6F09D00BE5930 /* Models */ = {
			isa = PBXGroup;
			children = (
				C4E5D12F2AA926BF001BE235 /* CompanyModel.swift */,
				C40F9DF82AAA415F00F00028 /* CompanyProductsModel.swift */,
				C40F9DFA2AAA418300F00028 /* ProductModel.swift */,
				C4F6645F2AB1760800C443AE /* CompanyImagesModel.swift */,
				6C9761822AB2B45D0046DB50 /* DummyModel.swift */,
			);
			path = Models;
			sourceTree = "<group>";
		};
		6C4452E92AA6F0A800BE5930 /* Repository */ = {
			isa = PBXGroup;
			children = (
				C4E5D1332AA92D1F001BE235 /* CompanyRepository.swift */,
				6C9761862AB2B65C0046DB50 /* DummyRepository.swift */,
			);
			path = Repository;
			sourceTree = "<group>";
		};
		6C4452EA2AA6F0AE00BE5930 /* Remote */ = {
			isa = PBXGroup;
			children = (
				6CB498282AB0FA9B00B6560C /* Network */,
			);
			path = Remote;
			sourceTree = "<group>";
		};
		6CB498282AB0FA9B00B6560C /* Network */ = {
			isa = PBXGroup;
			children = (
				6CB498232AB0DECC00B6560C /* PaginatedQuery.swift */,
				6CB498292AB0FAA400B6560C /* CustomDateFormatter.swift */,
				6C9761802AB2B2920046DB50 /* NetworkAPIService.swift */,
			);
			path = Network;
			sourceTree = "<group>";
		};
/* End PBXGroup section */

/* Begin PBXNativeTarget section */
		6C4452B32AA6EF8500BE5930 /* GreenCircle */ = {
			isa = PBXNativeTarget;
			buildConfigurationList = 6C4452D82AA6EF8600BE5930 /* Build configuration list for PBXNativeTarget "GreenCircle" */;
			buildPhases = (
				6C4452B02AA6EF8500BE5930 /* Sources */,
				6C4452B12AA6EF8500BE5930 /* Frameworks */,
				6C4452B22AA6EF8500BE5930 /* Resources */,
				C40F9DF32AAA266100F00028 /* ShellScript */,
			);
			buildRules = (
			);
			dependencies = (
			);
			name = GreenCircle;
			packageProductDependencies = (
				6CB498262AB0E07600B6560C /* Alamofire */,
			);
			productName = GreenCircle;
			productReference = 6C4452B42AA6EF8500BE5930 /* GreenCircle.app */;
			productType = "com.apple.product-type.application";
		};
		6C4452C32AA6EF8600BE5930 /* GreenCircleTests */ = {
			isa = PBXNativeTarget;
			buildConfigurationList = 6C4452DB2AA6EF8600BE5930 /* Build configuration list for PBXNativeTarget "GreenCircleTests" */;
			buildPhases = (
				6C4452C02AA6EF8600BE5930 /* Sources */,
				6C4452C12AA6EF8600BE5930 /* Frameworks */,
				6C4452C22AA6EF8600BE5930 /* Resources */,
			);
			buildRules = (
			);
			dependencies = (
				6C4452C62AA6EF8600BE5930 /* PBXTargetDependency */,
			);
			name = GreenCircleTests;
			productName = GreenCircleTests;
			productReference = 6C4452C42AA6EF8600BE5930 /* GreenCircleTests.xctest */;
			productType = "com.apple.product-type.bundle.unit-test";
		};
		6C4452CD2AA6EF8600BE5930 /* GreenCircleUITests */ = {
			isa = PBXNativeTarget;
			buildConfigurationList = 6C4452DE2AA6EF8600BE5930 /* Build configuration list for PBXNativeTarget "GreenCircleUITests" */;
			buildPhases = (
				6C4452CA2AA6EF8600BE5930 /* Sources */,
				6C4452CB2AA6EF8600BE5930 /* Frameworks */,
				6C4452CC2AA6EF8600BE5930 /* Resources */,
			);
			buildRules = (
			);
			dependencies = (
				6C4452D02AA6EF8600BE5930 /* PBXTargetDependency */,
			);
			name = GreenCircleUITests;
			productName = GreenCircleUITests;
			productReference = 6C4452CE2AA6EF8600BE5930 /* GreenCircleUITests.xctest */;
			productType = "com.apple.product-type.bundle.ui-testing";
		};
/* End PBXNativeTarget section */

/* Begin PBXProject section */
		6C4452AC2AA6EF8500BE5930 /* Project object */ = {
			isa = PBXProject;
			attributes = {
				BuildIndependentTargetsInParallel = 1;
				LastSwiftUpdateCheck = 1430;
				LastUpgradeCheck = 1430;
				TargetAttributes = {
					6C4452B32AA6EF8500BE5930 = {
						CreatedOnToolsVersion = 14.3.1;
					};
					6C4452C32AA6EF8600BE5930 = {
						CreatedOnToolsVersion = 14.3.1;
						TestTargetID = 6C4452B32AA6EF8500BE5930;
					};
					6C4452CD2AA6EF8600BE5930 = {
						CreatedOnToolsVersion = 14.3.1;
						TestTargetID = 6C4452B32AA6EF8500BE5930;
					};
				};
			};
			buildConfigurationList = 6C4452AF2AA6EF8500BE5930 /* Build configuration list for PBXProject "GreenCircle" */;
			compatibilityVersion = "Xcode 14.0";
			developmentRegion = en;
			hasScannedForEncodings = 0;
			knownRegions = (
				en,
				Base,
			);
			mainGroup = 6C4452AB2AA6EF8500BE5930;
			packageReferences = (
				6CB498252AB0E07600B6560C /* XCRemoteSwiftPackageReference "Alamofire" */,
			);
			productRefGroup = 6C4452B52AA6EF8500BE5930 /* Products */;
			projectDirPath = "";
			projectRoot = "";
			targets = (
				6C4452B32AA6EF8500BE5930 /* GreenCircle */,
				6C4452C32AA6EF8600BE5930 /* GreenCircleTests */,
				6C4452CD2AA6EF8600BE5930 /* GreenCircleUITests */,
			);
		};
/* End PBXProject section */

/* Begin PBXResourcesBuildPhase section */
		6C4452B22AA6EF8500BE5930 /* Resources */ = {
			isa = PBXResourcesBuildPhase;
			buildActionMask = 2147483647;
			files = (
				C40F9DF52AAA26E600F00028 /* .swiftlint.yml in Resources */,
				6C4452BF2AA6EF8600BE5930 /* Preview Assets.xcassets in Resources */,
				6C4452BC2AA6EF8600BE5930 /* Assets.xcassets in Resources */,
			);
			runOnlyForDeploymentPostprocessing = 0;
		};
		6C4452C22AA6EF8600BE5930 /* Resources */ = {
			isa = PBXResourcesBuildPhase;
			buildActionMask = 2147483647;
			files = (
			);
			runOnlyForDeploymentPostprocessing = 0;
		};
		6C4452CC2AA6EF8600BE5930 /* Resources */ = {
			isa = PBXResourcesBuildPhase;
			buildActionMask = 2147483647;
			files = (
			);
			runOnlyForDeploymentPostprocessing = 0;
		};
/* End PBXResourcesBuildPhase section */

/* Begin PBXShellScriptBuildPhase section */
		C40F9DF32AAA266100F00028 /* ShellScript */ = {
			isa = PBXShellScriptBuildPhase;
			buildActionMask = 2147483647;
			files = (
			);
			inputFileListPaths = (
			);
			inputPaths = (
			);
			outputFileListPaths = (
			);
			outputPaths = (
			);
			runOnlyForDeploymentPostprocessing = 0;
			shellPath = /bin/sh;
			shellScript = "if which swiftlint >/dev/null; then\n  swiftlint\nelse\n  echo \"warning: SwiftLint not installed, download from https://github.com/realm/SwiftLint\"\nfi\n";
		};
/* End PBXShellScriptBuildPhase section */

/* Begin PBXSourcesBuildPhase section */
		6C4452B02AA6EF8500BE5930 /* Sources */ = {
			isa = PBXSourcesBuildPhase;
			buildActionMask = 2147483647;
			files = (
				C4E5D1362AA93BAA001BE235 /* CompanyViewModel.swift in Sources */,
				C4F664602AB1760800C443AE /* CompanyImagesModel.swift in Sources */,
				C40F9DF92AAA415F00F00028 /* CompanyProductsModel.swift in Sources */,
				C40F9DF72AAA2D3A00F00028 /* ContactCompanyView.swift in Sources */,
				6C4452BA2AA6EF8500BE5930 /* ContentView.swift in Sources */,
				C40F9DFB2AAA418300F00028 /* ProductModel.swift in Sources */,
				C4F664622AB1924F00C443AE /* RatingCompanyView.swift in Sources */,
				C46859442AB385F20035326F /* CustomCornerImage.swift in Sources */,
				6C9761832AB2B45D0046DB50 /* DummyModel.swift in Sources */,
				6CB498242AB0DECC00B6560C /* PaginatedQuery.swift in Sources */,
				6C9761812AB2B2920046DB50 /* NetworkAPIService.swift in Sources */,
				6CB4982A2AB0FAA400B6560C /* CustomDateFormatter.swift in Sources */,
				6C4452BA2AA6EF8500BE5930 /* ContentView.swift in Sources */,
				6C9761872AB2B65C0046DB50 /* DummyRepository.swift in Sources */,
				6C4452B82AA6EF8500BE5930 /* GreenCircleApp.swift in Sources */,
				C45AC64C2AAD3A82005F2F6C /* FetchCompanyDataUseCase.swift in Sources */,
				C40CEC252AAABC92004F8521 /* NavBarTheme.swift in Sources */,
				C4E5D1302AA926BF001BE235 /* CompanyModel.swift in Sources */,
				C4E5D1342AA92D1F001BE235 /* CompanyRepository.swift in Sources */,
			);
			runOnlyForDeploymentPostprocessing = 0;
		};
		6C4452C02AA6EF8600BE5930 /* Sources */ = {
			isa = PBXSourcesBuildPhase;
			buildActionMask = 2147483647;
			files = (
				C417D9AA2AB51A7500B80B85 /* CompanyViewModelTest.swift in Sources */,
				6C4452C92AA6EF8600BE5930 /* GreenCircleTests.swift in Sources */,
			);
			runOnlyForDeploymentPostprocessing = 0;
		};
		6C4452CA2AA6EF8600BE5930 /* Sources */ = {
			isa = PBXSourcesBuildPhase;
			buildActionMask = 2147483647;
			files = (
				6C4452D52AA6EF8600BE5930 /* GreenCircleUITestsLaunchTests.swift in Sources */,
				6C4452D32AA6EF8600BE5930 /* GreenCircleUITests.swift in Sources */,
			);
			runOnlyForDeploymentPostprocessing = 0;
		};
/* End PBXSourcesBuildPhase section */

/* Begin PBXTargetDependency section */
		6C4452C62AA6EF8600BE5930 /* PBXTargetDependency */ = {
			isa = PBXTargetDependency;
			target = 6C4452B32AA6EF8500BE5930 /* GreenCircle */;
			targetProxy = 6C4452C52AA6EF8600BE5930 /* PBXContainerItemProxy */;
		};
		6C4452D02AA6EF8600BE5930 /* PBXTargetDependency */ = {
			isa = PBXTargetDependency;
			target = 6C4452B32AA6EF8500BE5930 /* GreenCircle */;
			targetProxy = 6C4452CF2AA6EF8600BE5930 /* PBXContainerItemProxy */;
		};
/* End PBXTargetDependency section */

/* Begin XCBuildConfiguration section */
		6C4452D62AA6EF8600BE5930 /* Debug */ = {
			isa = XCBuildConfiguration;
			buildSettings = {
				ALWAYS_SEARCH_USER_PATHS = NO;
				CLANG_ANALYZER_NONNULL = YES;
				CLANG_ANALYZER_NUMBER_OBJECT_CONVERSION = YES_AGGRESSIVE;
				CLANG_CXX_LANGUAGE_STANDARD = "gnu++20";
				CLANG_ENABLE_MODULES = YES;
				CLANG_ENABLE_OBJC_ARC = YES;
				CLANG_ENABLE_OBJC_WEAK = YES;
				CLANG_WARN_BLOCK_CAPTURE_AUTORELEASING = YES;
				CLANG_WARN_BOOL_CONVERSION = YES;
				CLANG_WARN_COMMA = YES;
				CLANG_WARN_CONSTANT_CONVERSION = YES;
				CLANG_WARN_DEPRECATED_OBJC_IMPLEMENTATIONS = YES;
				CLANG_WARN_DIRECT_OBJC_ISA_USAGE = YES_ERROR;
				CLANG_WARN_DOCUMENTATION_COMMENTS = YES;
				CLANG_WARN_EMPTY_BODY = YES;
				CLANG_WARN_ENUM_CONVERSION = YES;
				CLANG_WARN_INFINITE_RECURSION = YES;
				CLANG_WARN_INT_CONVERSION = YES;
				CLANG_WARN_NON_LITERAL_NULL_CONVERSION = YES;
				CLANG_WARN_OBJC_IMPLICIT_RETAIN_SELF = YES;
				CLANG_WARN_OBJC_LITERAL_CONVERSION = YES;
				CLANG_WARN_OBJC_ROOT_CLASS = YES_ERROR;
				CLANG_WARN_QUOTED_INCLUDE_IN_FRAMEWORK_HEADER = YES;
				CLANG_WARN_RANGE_LOOP_ANALYSIS = YES;
				CLANG_WARN_STRICT_PROTOTYPES = YES;
				CLANG_WARN_SUSPICIOUS_MOVE = YES;
				CLANG_WARN_UNGUARDED_AVAILABILITY = YES_AGGRESSIVE;
				CLANG_WARN_UNREACHABLE_CODE = YES;
				CLANG_WARN__DUPLICATE_METHOD_MATCH = YES;
				COPY_PHASE_STRIP = NO;
				DEBUG_INFORMATION_FORMAT = dwarf;
				ENABLE_STRICT_OBJC_MSGSEND = YES;
				ENABLE_TESTABILITY = YES;
				GCC_C_LANGUAGE_STANDARD = gnu11;
				GCC_DYNAMIC_NO_PIC = NO;
				GCC_NO_COMMON_BLOCKS = YES;
				GCC_OPTIMIZATION_LEVEL = 0;
				GCC_PREPROCESSOR_DEFINITIONS = (
					"DEBUG=1",
					"$(inherited)",
				);
				GCC_WARN_64_TO_32_BIT_CONVERSION = YES;
				GCC_WARN_ABOUT_RETURN_TYPE = YES_ERROR;
				GCC_WARN_UNDECLARED_SELECTOR = YES;
				GCC_WARN_UNINITIALIZED_AUTOS = YES_AGGRESSIVE;
				GCC_WARN_UNUSED_FUNCTION = YES;
				GCC_WARN_UNUSED_VARIABLE = YES;
				IPHONEOS_DEPLOYMENT_TARGET = 16.4;
				MTL_ENABLE_DEBUG_INFO = INCLUDE_SOURCE;
				MTL_FAST_MATH = YES;
				ONLY_ACTIVE_ARCH = YES;
				SDKROOT = iphoneos;
				SWIFT_ACTIVE_COMPILATION_CONDITIONS = DEBUG;
				SWIFT_OPTIMIZATION_LEVEL = "-Onone";
			};
			name = Debug;
		};
		6C4452D72AA6EF8600BE5930 /* Release */ = {
			isa = XCBuildConfiguration;
			buildSettings = {
				ALWAYS_SEARCH_USER_PATHS = NO;
				CLANG_ANALYZER_NONNULL = YES;
				CLANG_ANALYZER_NUMBER_OBJECT_CONVERSION = YES_AGGRESSIVE;
				CLANG_CXX_LANGUAGE_STANDARD = "gnu++20";
				CLANG_ENABLE_MODULES = YES;
				CLANG_ENABLE_OBJC_ARC = YES;
				CLANG_ENABLE_OBJC_WEAK = YES;
				CLANG_WARN_BLOCK_CAPTURE_AUTORELEASING = YES;
				CLANG_WARN_BOOL_CONVERSION = YES;
				CLANG_WARN_COMMA = YES;
				CLANG_WARN_CONSTANT_CONVERSION = YES;
				CLANG_WARN_DEPRECATED_OBJC_IMPLEMENTATIONS = YES;
				CLANG_WARN_DIRECT_OBJC_ISA_USAGE = YES_ERROR;
				CLANG_WARN_DOCUMENTATION_COMMENTS = YES;
				CLANG_WARN_EMPTY_BODY = YES;
				CLANG_WARN_ENUM_CONVERSION = YES;
				CLANG_WARN_INFINITE_RECURSION = YES;
				CLANG_WARN_INT_CONVERSION = YES;
				CLANG_WARN_NON_LITERAL_NULL_CONVERSION = YES;
				CLANG_WARN_OBJC_IMPLICIT_RETAIN_SELF = YES;
				CLANG_WARN_OBJC_LITERAL_CONVERSION = YES;
				CLANG_WARN_OBJC_ROOT_CLASS = YES_ERROR;
				CLANG_WARN_QUOTED_INCLUDE_IN_FRAMEWORK_HEADER = YES;
				CLANG_WARN_RANGE_LOOP_ANALYSIS = YES;
				CLANG_WARN_STRICT_PROTOTYPES = YES;
				CLANG_WARN_SUSPICIOUS_MOVE = YES;
				CLANG_WARN_UNGUARDED_AVAILABILITY = YES_AGGRESSIVE;
				CLANG_WARN_UNREACHABLE_CODE = YES;
				CLANG_WARN__DUPLICATE_METHOD_MATCH = YES;
				COPY_PHASE_STRIP = NO;
				DEBUG_INFORMATION_FORMAT = "dwarf-with-dsym";
				ENABLE_NS_ASSERTIONS = NO;
				ENABLE_STRICT_OBJC_MSGSEND = YES;
				GCC_C_LANGUAGE_STANDARD = gnu11;
				GCC_NO_COMMON_BLOCKS = YES;
				GCC_WARN_64_TO_32_BIT_CONVERSION = YES;
				GCC_WARN_ABOUT_RETURN_TYPE = YES_ERROR;
				GCC_WARN_UNDECLARED_SELECTOR = YES;
				GCC_WARN_UNINITIALIZED_AUTOS = YES_AGGRESSIVE;
				GCC_WARN_UNUSED_FUNCTION = YES;
				GCC_WARN_UNUSED_VARIABLE = YES;
				IPHONEOS_DEPLOYMENT_TARGET = 16.4;
				MTL_ENABLE_DEBUG_INFO = NO;
				MTL_FAST_MATH = YES;
				SDKROOT = iphoneos;
				SWIFT_COMPILATION_MODE = wholemodule;
				SWIFT_OPTIMIZATION_LEVEL = "-O";
				VALIDATE_PRODUCT = YES;
			};
			name = Release;
		};
		6C4452D92AA6EF8600BE5930 /* Debug */ = {
			isa = XCBuildConfiguration;
			buildSettings = {
				ASSETCATALOG_COMPILER_APPICON_NAME = AppIcon;
				ASSETCATALOG_COMPILER_GLOBAL_ACCENT_COLOR_NAME = AccentColor;
				CODE_SIGN_STYLE = Automatic;
				CURRENT_PROJECT_VERSION = 1;
				DEVELOPMENT_ASSET_PATHS = "\"GreenCircle/Preview Content\"";
				DEVELOPMENT_TEAM = 3YA9576WH5;
				ENABLE_PREVIEWS = YES;
				GENERATE_INFOPLIST_FILE = YES;
				INFOPLIST_KEY_UIApplicationSceneManifest_Generation = YES;
				INFOPLIST_KEY_UIApplicationSupportsIndirectInputEvents = YES;
				INFOPLIST_KEY_UILaunchScreen_Generation = YES;
				INFOPLIST_KEY_UISupportedInterfaceOrientations_iPad = "UIInterfaceOrientationPortrait UIInterfaceOrientationPortraitUpsideDown UIInterfaceOrientationLandscapeLeft UIInterfaceOrientationLandscapeRight";
				INFOPLIST_KEY_UISupportedInterfaceOrientations_iPhone = "UIInterfaceOrientationPortrait UIInterfaceOrientationLandscapeLeft UIInterfaceOrientationLandscapeRight";
				LD_RUNPATH_SEARCH_PATHS = (
					"$(inherited)",
					"@executable_path/Frameworks",
				);
				MARKETING_VERSION = 1.0;
				PRODUCT_BUNDLE_IDENTIFIER = organization.GreenCircle;
				PRODUCT_NAME = "$(TARGET_NAME)";
				SWIFT_EMIT_LOC_STRINGS = YES;
				SWIFT_VERSION = 5.0;
				TARGETED_DEVICE_FAMILY = "1,2";
			};
			name = Debug;
		};
		6C4452DA2AA6EF8600BE5930 /* Release */ = {
			isa = XCBuildConfiguration;
			buildSettings = {
				ASSETCATALOG_COMPILER_APPICON_NAME = AppIcon;
				ASSETCATALOG_COMPILER_GLOBAL_ACCENT_COLOR_NAME = AccentColor;
				CODE_SIGN_STYLE = Automatic;
				CURRENT_PROJECT_VERSION = 1;
				DEVELOPMENT_ASSET_PATHS = "\"GreenCircle/Preview Content\"";
				DEVELOPMENT_TEAM = 3YA9576WH5;
				ENABLE_PREVIEWS = YES;
				GENERATE_INFOPLIST_FILE = YES;
				INFOPLIST_KEY_UIApplicationSceneManifest_Generation = YES;
				INFOPLIST_KEY_UIApplicationSupportsIndirectInputEvents = YES;
				INFOPLIST_KEY_UILaunchScreen_Generation = YES;
				INFOPLIST_KEY_UISupportedInterfaceOrientations_iPad = "UIInterfaceOrientationPortrait UIInterfaceOrientationPortraitUpsideDown UIInterfaceOrientationLandscapeLeft UIInterfaceOrientationLandscapeRight";
				INFOPLIST_KEY_UISupportedInterfaceOrientations_iPhone = "UIInterfaceOrientationPortrait UIInterfaceOrientationLandscapeLeft UIInterfaceOrientationLandscapeRight";
				LD_RUNPATH_SEARCH_PATHS = (
					"$(inherited)",
					"@executable_path/Frameworks",
				);
				MARKETING_VERSION = 1.0;
				PRODUCT_BUNDLE_IDENTIFIER = organization.GreenCircle;
				PRODUCT_NAME = "$(TARGET_NAME)";
				SWIFT_EMIT_LOC_STRINGS = YES;
				SWIFT_VERSION = 5.0;
				TARGETED_DEVICE_FAMILY = "1,2";
			};
			name = Release;
		};
		6C4452DC2AA6EF8600BE5930 /* Debug */ = {
			isa = XCBuildConfiguration;
			buildSettings = {
				ALWAYS_EMBED_SWIFT_STANDARD_LIBRARIES = YES;
				BUNDLE_LOADER = "$(TEST_HOST)";
				CODE_SIGN_STYLE = Automatic;
				CURRENT_PROJECT_VERSION = 1;
				GENERATE_INFOPLIST_FILE = YES;
				IPHONEOS_DEPLOYMENT_TARGET = 16.4;
				MARKETING_VERSION = 1.0;
				PRODUCT_BUNDLE_IDENTIFIER = organization.GreenCircleTests;
				PRODUCT_NAME = "$(TARGET_NAME)";
				SWIFT_EMIT_LOC_STRINGS = NO;
				SWIFT_VERSION = 5.0;
				TARGETED_DEVICE_FAMILY = "1,2";
				TEST_HOST = "$(BUILT_PRODUCTS_DIR)/GreenCircle.app/$(BUNDLE_EXECUTABLE_FOLDER_PATH)/GreenCircle";
			};
			name = Debug;
		};
		6C4452DD2AA6EF8600BE5930 /* Release */ = {
			isa = XCBuildConfiguration;
			buildSettings = {
				ALWAYS_EMBED_SWIFT_STANDARD_LIBRARIES = YES;
				BUNDLE_LOADER = "$(TEST_HOST)";
				CODE_SIGN_STYLE = Automatic;
				CURRENT_PROJECT_VERSION = 1;
				GENERATE_INFOPLIST_FILE = YES;
				IPHONEOS_DEPLOYMENT_TARGET = 16.4;
				MARKETING_VERSION = 1.0;
				PRODUCT_BUNDLE_IDENTIFIER = organization.GreenCircleTests;
				PRODUCT_NAME = "$(TARGET_NAME)";
				SWIFT_EMIT_LOC_STRINGS = NO;
				SWIFT_VERSION = 5.0;
				TARGETED_DEVICE_FAMILY = "1,2";
				TEST_HOST = "$(BUILT_PRODUCTS_DIR)/GreenCircle.app/$(BUNDLE_EXECUTABLE_FOLDER_PATH)/GreenCircle";
			};
			name = Release;
		};
		6C4452DF2AA6EF8600BE5930 /* Debug */ = {
			isa = XCBuildConfiguration;
			buildSettings = {
				ALWAYS_EMBED_SWIFT_STANDARD_LIBRARIES = YES;
				CODE_SIGN_STYLE = Automatic;
				CURRENT_PROJECT_VERSION = 1;
				GENERATE_INFOPLIST_FILE = YES;
				MARKETING_VERSION = 1.0;
				PRODUCT_BUNDLE_IDENTIFIER = organization.GreenCircleUITests;
				PRODUCT_NAME = "$(TARGET_NAME)";
				SWIFT_EMIT_LOC_STRINGS = NO;
				SWIFT_VERSION = 5.0;
				TARGETED_DEVICE_FAMILY = "1,2";
				TEST_TARGET_NAME = GreenCircle;
			};
			name = Debug;
		};
		6C4452E02AA6EF8600BE5930 /* Release */ = {
			isa = XCBuildConfiguration;
			buildSettings = {
				ALWAYS_EMBED_SWIFT_STANDARD_LIBRARIES = YES;
				CODE_SIGN_STYLE = Automatic;
				CURRENT_PROJECT_VERSION = 1;
				GENERATE_INFOPLIST_FILE = YES;
				MARKETING_VERSION = 1.0;
				PRODUCT_BUNDLE_IDENTIFIER = organization.GreenCircleUITests;
				PRODUCT_NAME = "$(TARGET_NAME)";
				SWIFT_EMIT_LOC_STRINGS = NO;
				SWIFT_VERSION = 5.0;
				TARGETED_DEVICE_FAMILY = "1,2";
				TEST_TARGET_NAME = GreenCircle;
			};
			name = Release;
		};
/* End XCBuildConfiguration section */

/* Begin XCConfigurationList section */
		6C4452AF2AA6EF8500BE5930 /* Build configuration list for PBXProject "GreenCircle" */ = {
			isa = XCConfigurationList;
			buildConfigurations = (
				6C4452D62AA6EF8600BE5930 /* Debug */,
				6C4452D72AA6EF8600BE5930 /* Release */,
			);
			defaultConfigurationIsVisible = 0;
			defaultConfigurationName = Release;
		};
		6C4452D82AA6EF8600BE5930 /* Build configuration list for PBXNativeTarget "GreenCircle" */ = {
			isa = XCConfigurationList;
			buildConfigurations = (
				6C4452D92AA6EF8600BE5930 /* Debug */,
				6C4452DA2AA6EF8600BE5930 /* Release */,
			);
			defaultConfigurationIsVisible = 0;
			defaultConfigurationName = Release;
		};
		6C4452DB2AA6EF8600BE5930 /* Build configuration list for PBXNativeTarget "GreenCircleTests" */ = {
			isa = XCConfigurationList;
			buildConfigurations = (
				6C4452DC2AA6EF8600BE5930 /* Debug */,
				6C4452DD2AA6EF8600BE5930 /* Release */,
			);
			defaultConfigurationIsVisible = 0;
			defaultConfigurationName = Release;
		};
		6C4452DE2AA6EF8600BE5930 /* Build configuration list for PBXNativeTarget "GreenCircleUITests" */ = {
			isa = XCConfigurationList;
			buildConfigurations = (
				6C4452DF2AA6EF8600BE5930 /* Debug */,
				6C4452E02AA6EF8600BE5930 /* Release */,
			);
			defaultConfigurationIsVisible = 0;
			defaultConfigurationName = Release;
		};
/* End XCConfigurationList section */

/* Begin XCRemoteSwiftPackageReference section */
		6CB498252AB0E07600B6560C /* XCRemoteSwiftPackageReference "Alamofire" */ = {
			isa = XCRemoteSwiftPackageReference;
			repositoryURL = "https://github.com/Alamofire/Alamofire.git";
			requirement = {
				kind = upToNextMajorVersion;
				minimumVersion = 5.0.0;
			};
		};
/* End XCRemoteSwiftPackageReference section */

/* Begin XCSwiftPackageProductDependency section */
		6CB498262AB0E07600B6560C /* Alamofire */ = {
			isa = XCSwiftPackageProductDependency;
			package = 6CB498252AB0E07600B6560C /* XCRemoteSwiftPackageReference "Alamofire" */;
			productName = Alamofire;
		};
/* End XCSwiftPackageProductDependency section */
	};
	rootObject = 6C4452AC2AA6EF8500BE5930 /* Project object */;
}
