// !$*UTF8*$!
{
	archiveVersion = 1;
	classes = {
	};
	objectVersion = 56;
	objects = {

/* Begin PBXBuildFile section */
		03E915A70B944ADADDF39F77 /* EcoInfoModel.swift in Sources */ = {isa = PBXBuildFile; fileRef = DB2EBCEAC8E630D51AE28969 /* EcoInfoModel.swift */; };
		057D8E3862E1F8D0E2A421E9 /* PendingCompanyView.swift in Sources */ = {isa = PBXBuildFile; fileRef = A496A1D85E434DDAC09886B8 /* PendingCompanyView.swift */; };
		06D0F2862573C53200047819 /* ContentView.swift in Sources */ = {isa = PBXBuildFile; fileRef = A5525D07FFA15298E6B7DFC2 /* ContentView.swift */; };
		08B3545129A1E5B5C502880B /* GoogleSignIn in Frameworks */ = {isa = PBXBuildFile; productRef = 62E777376FD6117EBACD7A9B /* GoogleSignIn */; };
		0B689E266D25D5B00544D247 /* CompanyRegisterFormViewModel.swift in Sources */ = {isa = PBXBuildFile; fileRef = 0E35154DBEA259640595356E /* CompanyRegisterFormViewModel.swift */; };
		0DEA1FA4A6956E4FA8032DFB /* DummyRepository.swift in Sources */ = {isa = PBXBuildFile; fileRef = 649DDFA9B1B0FB7160107B38 /* DummyRepository.swift */; };
		1566D8D166AE1A7F040B2A62 /* SurveyViewModel.swift in Sources */ = {isa = PBXBuildFile; fileRef = B1569DB68B416266FD7F07FB /* SurveyViewModel.swift */; };
		194349639A80113993D365D9 /* UserRegisterFormViewModel.swift in Sources */ = {isa = PBXBuildFile; fileRef = 8FF63C54092671D9A6134544 /* UserRegisterFormViewModel.swift */; };
		1D6E08F59574FF939AAD54A3 /* SplashScreenView.swift in Sources */ = {isa = PBXBuildFile; fileRef = ED88CC126A98875FF4EF8EBF /* SplashScreenView.swift */; };
		1FDB515179C913FC2EB6D65A /* Preview Assets.xcassets in Resources */ = {isa = PBXBuildFile; fileRef = 7D07DB39488D13F8BBCD35EF /* Preview Assets.xcassets */; };
		21A4AD5F36914695D3CE2493 /* PaginatedQuery.swift in Sources */ = {isa = PBXBuildFile; fileRef = 763A8A83C77CDD67EFF901C2 /* PaginatedQuery.swift */; };
		24C29A521862B490B3029130 /* SurveyModel.swift in Sources */ = {isa = PBXBuildFile; fileRef = D61AF7787CA3E07EC8E7C058 /* SurveyModel.swift */; };
		26B04E4B1058BDA8EF051445 /* GetPendingSurvey.swift in Sources */ = {isa = PBXBuildFile; fileRef = 2F3D53E32FF3D833A26F896C /* GetPendingSurvey.swift */; };
		2954296DA671B3D004C51341 /* UserModel.swift in Sources */ = {isa = PBXBuildFile; fileRef = 6B8B27D74D88986239EDEA17 /* UserModel.swift */; };
		2A7FD28E4632139FDFDF8E22 /* EcoInfoViewModel.swift in Sources */ = {isa = PBXBuildFile; fileRef = C1BF39DA128C9FE003F3D031 /* EcoInfoViewModel.swift */; };
		2B3B5A6EC61714D918E3A9BB /* Components.swift in Sources */ = {isa = PBXBuildFile; fileRef = DE4797DA229F27D44D78784E /* Components.swift */; };
		304DDA8CA36B387CEFDF0777 /* UserRegisterFormView.swift in Sources */ = {isa = PBXBuildFile; fileRef = E38FC48612065C302550813B /* UserRegisterFormView.swift */; };
		33668BEC4B6A81B4349EA428 /* fetchAllEcoInfo.swift in Sources */ = {isa = PBXBuildFile; fileRef = 434CEB918449F020A6B23393 /* fetchAllEcoInfo.swift */; };
		3555DD4F6D6B4EBFB0F60987 /* GoogleSignInUseCase.swift in Sources */ = {isa = PBXBuildFile; fileRef = 7B91ECBA42EB94DCBD3DAFF3 /* GoogleSignInUseCase.swift */; };
		373B6957608BFA107D169468 /* CustomDateFormatter.swift in Sources */ = {isa = PBXBuildFile; fileRef = 236AB7734C6655A3B86E3D22 /* CustomDateFormatter.swift */; };
		3A05D0A3DA0D2BC6A9840DC6 /* NetworkAPIService.swift in Sources */ = {isa = PBXBuildFile; fileRef = F9076E76050EDCA9B4158239 /* NetworkAPIService.swift */; };
		438EA6980D32998431C48839 /* UserRegisterUseCase.swift in Sources */ = {isa = PBXBuildFile; fileRef = DFBB41AA8492EA392FC8D092 /* UserRegisterUseCase.swift */; };
		44C6173079D0D5018B0A7A6B /* UserRegisterViewModel.swift in Sources */ = {isa = PBXBuildFile; fileRef = 1F5C1E0FE5D88B5F2B34BB75 /* UserRegisterViewModel.swift */; };
		4971225ACCE37A751D2BA94F /* MainButton.swift in Sources */ = {isa = PBXBuildFile; fileRef = E5BAB34491CD8E2DB12A11D9 /* MainButton.swift */; };
		5C0AF0BF8E925D9ECCDCE1C7 /* CornerRadiusExtension.swift in Sources */ = {isa = PBXBuildFile; fileRef = FEFEBBD8446DE55DD6C1C847 /* CornerRadiusExtension.swift */; };
		5C70C3EFCAF5E1C3782F598B /* UserRegisterView.swift in Sources */ = {isa = PBXBuildFile; fileRef = 1B146ED765D75A4801315713 /* UserRegisterView.swift */; };
		663775964865A9518963AB26 /* MultipleChoice.swift in Sources */ = {isa = PBXBuildFile; fileRef = AA06B2A5EAF460C7CAC4CDE5 /* MultipleChoice.swift */; };
		6799C29E0D3E1557896BBC18 /* GoogleSignInSwift in Frameworks */ = {isa = PBXBuildFile; productRef = A7E0BFC9DCBFAF6DBCF6A8F8 /* GoogleSignInSwift */; };
		68B46592A029B64E3C3F133E /* BibliographiesModel.swift in Sources */ = {isa = PBXBuildFile; fileRef = FF41AB7FA79CB77F90F3CA65 /* BibliographiesModel.swift */; };
		69D234ACAB93C835F06A2B03 /* CustomCornerImage.swift in Sources */ = {isa = PBXBuildFile; fileRef = 2F4ACB96FF4E39596863C75D /* CustomCornerImage.swift */; };
		6A6C70E752D2C6EB01C9CD2E /* SurveyRepository.swift in Sources */ = {isa = PBXBuildFile; fileRef = 1E7A05DD9C4F8E71924FE007 /* SurveyRepository.swift */; };
		6C82A4793C9866B8CDF16755 /* CompanyRegisterViewModel.swift in Sources */ = {isa = PBXBuildFile; fileRef = C8175612F9FE7843F409BFFD /* CompanyRegisterViewModel.swift */; };
		6E161AE27293DE5DD8EB914A /* Assets.xcassets in Resources */ = {isa = PBXBuildFile; fileRef = CD64C2E746845B03EB3A780C /* Assets.xcassets */; };
		7203F106FC4E3A663ED8B676 /* ScaleQuestion.swift in Sources */ = {isa = PBXBuildFile; fileRef = E65C219AB8BE499C3F8C7537 /* ScaleQuestion.swift */; };
		723B3EDA4BDA4BAB8EC5B090 /* Constants.swift in Sources */ = {isa = PBXBuildFile; fileRef = 5413A21FEF76E3533AA032B4 /* Constants.swift */; };
		7525278F800B8F501B5A5B2E /* CompanyRegisterView.swift in Sources */ = {isa = PBXBuildFile; fileRef = 089361EB3939B12228542100 /* CompanyRegisterView.swift */; };
		752A9B0B28AEB9DD55C30D5C /* SurveyView.swift in Sources */ = {isa = PBXBuildFile; fileRef = 4E4A9BFC41E538B47C49264B /* SurveyView.swift */; };
		78CD45219700689FA6894298 /* SendButton.swift in Sources */ = {isa = PBXBuildFile; fileRef = C316C5B785FDBE75C5807437 /* SendButton.swift */; };
		81004D28CC27BA26616E0A4D /* EcoInfoView.swift in Sources */ = {isa = PBXBuildFile; fileRef = DDDF09FCA4D57ACDEC28BE07 /* EcoInfoView.swift */; };
		893406AF644F9B19D1626B48 /* LoginViewModel.swift in Sources */ = {isa = PBXBuildFile; fileRef = 5966D5A884275F53D5C5BCF0 /* LoginViewModel.swift */; };
		8CB1C8D8A26454C8BCCD562E /* GreenCircleApp.swift in Sources */ = {isa = PBXBuildFile; fileRef = 1438CCCA686A2C1B638AC67D /* GreenCircleApp.swift */; };
		9057E941BBEF0305DE2E1B9D /* TabBarView.swift in Sources */ = {isa = PBXBuildFile; fileRef = AF0124FBA4A32F414021F2E0 /* TabBarView.swift */; };
		9A731B89CC0848AE773E7C6B /* NavBarTheme.swift in Sources */ = {isa = PBXBuildFile; fileRef = CA2E3DC2B2A8C20997055D24 /* NavBarTheme.swift */; };
		A2C7DEBF60030A1D2A294B7D /* LinkButton.swift in Sources */ = {isa = PBXBuildFile; fileRef = 80926B83A17A6EE33584EDEE /* LinkButton.swift */; };
		A4AFE0A0EAF678787DF4B821 /* Alamofire in Frameworks */ = {isa = PBXBuildFile; productRef = D9AA56700A6ADE270F264640 /* Alamofire */; };
		A67A3B42D3E1C0FBA575EECB /* CoordinatorView.swift in Sources */ = {isa = PBXBuildFile; fileRef = EC7A69D5FD2F9F9D7E2ACBF4 /* CoordinatorView.swift */; };
		AC617DA5BD975D189BD33F04 /* CompanyRegisterFormView.swift in Sources */ = {isa = PBXBuildFile; fileRef = 6A35459EC0ACF0E12088FF78 /* CompanyRegisterFormView.swift */; };
		B1095BABFB55B0DC632EB1E3 /* UserData.swift in Sources */ = {isa = PBXBuildFile; fileRef = B1CAE1F61544C41BC35E8839 /* UserData.swift */; };
		B12AA1C3B80D3B4DB15E77FB /* LoginView.swift in Sources */ = {isa = PBXBuildFile; fileRef = EFE787DB803ED42F069ECFDF /* LoginView.swift */; };
		C4829A915D1B8C31541AEE85 /* Error.swift in Sources */ = {isa = PBXBuildFile; fileRef = 38170547F49AAF041BB620DE /* Error.swift */; };
		C5AB36806982B22CD0CF8523 /* MainMenuView.swift in Sources */ = {isa = PBXBuildFile; fileRef = F34017F1DFA61C1E9747B4CC /* MainMenuView.swift */; };
		D10C8B92C8200EBEC0431267 /* OpenQuestion.swift in Sources */ = {isa = PBXBuildFile; fileRef = B83FC32A0A7DA8E26DC8C255 /* OpenQuestion.swift */; };
		DF6573E22D777AFF6F6946C6 /* AuthResponseModel.swift in Sources */ = {isa = PBXBuildFile; fileRef = FA5A428BA7374C18B027F601 /* AuthResponseModel.swift */; };
		E303102810E737500F1EC413 /* CompanyModel.swift in Sources */ = {isa = PBXBuildFile; fileRef = 5FB67900B08B0F786C7C0845 /* CompanyModel.swift */; };
		E98D2616FC02CE05133EF6E3 /* DummyModel.swift in Sources */ = {isa = PBXBuildFile; fileRef = F922C69FB54681A02D795CAE /* DummyModel.swift */; };
		EA4DEF45D683E0B8E0BEF029 /* FlowStacks in Frameworks */ = {isa = PBXBuildFile; productRef = 7AD16D6929E647B0C0ACD715 /* FlowStacks */; };
		EA8E8E5FF10FFC7BD5352C34 /* EcoInfoRepository.swift in Sources */ = {isa = PBXBuildFile; fileRef = B0C2DA4A6BD15AEED9535214 /* EcoInfoRepository.swift */; };
		F59CF8B03A1A58B773FD9BDB /* RegisterCompanyUseCase.swift in Sources */ = {isa = PBXBuildFile; fileRef = 2454BBBFB263AAE2BF4BC592 /* RegisterCompanyUseCase.swift */; };
		F6AFEF9E3AF8720C21B4909A /* CompanyRepository.swift in Sources */ = {isa = PBXBuildFile; fileRef = 297698E132540D92E822DF7F /* CompanyRepository.swift */; };
		FC70BA2F57B4E7F18AC09281 /* UserRepository.swift in Sources */ = {isa = PBXBuildFile; fileRef = A3433B25CBB50AAF74ECDF1A /* UserRepository.swift */; };
/* End PBXBuildFile section */

/* Begin PBXFileReference section */
		089361EB3939B12228542100 /* CompanyRegisterView.swift */ = {isa = PBXFileReference; lastKnownFileType = sourcecode.swift; path = CompanyRegisterView.swift; sourceTree = "<group>"; };
		0E35154DBEA259640595356E /* CompanyRegisterFormViewModel.swift */ = {isa = PBXFileReference; lastKnownFileType = sourcecode.swift; path = CompanyRegisterFormViewModel.swift; sourceTree = "<group>"; };
		1438CCCA686A2C1B638AC67D /* GreenCircleApp.swift */ = {isa = PBXFileReference; lastKnownFileType = sourcecode.swift; path = GreenCircleApp.swift; sourceTree = "<group>"; };
		18EEAAEE773A27449B95A26E /* .placeholder */ = {isa = PBXFileReference; lastKnownFileType = text; path = .placeholder; sourceTree = "<group>"; };
		1B146ED765D75A4801315713 /* UserRegisterView.swift */ = {isa = PBXFileReference; lastKnownFileType = sourcecode.swift; path = UserRegisterView.swift; sourceTree = "<group>"; };
		1DA4BAE4D152CF69E3DDD0CF /* .placeholder */ = {isa = PBXFileReference; lastKnownFileType = text; path = .placeholder; sourceTree = "<group>"; };
		1E7A05DD9C4F8E71924FE007 /* SurveyRepository.swift */ = {isa = PBXFileReference; lastKnownFileType = sourcecode.swift; path = SurveyRepository.swift; sourceTree = "<group>"; };
		1F5C1E0FE5D88B5F2B34BB75 /* UserRegisterViewModel.swift */ = {isa = PBXFileReference; lastKnownFileType = sourcecode.swift; path = UserRegisterViewModel.swift; sourceTree = "<group>"; };
		236AB7734C6655A3B86E3D22 /* CustomDateFormatter.swift */ = {isa = PBXFileReference; lastKnownFileType = sourcecode.swift; path = CustomDateFormatter.swift; sourceTree = "<group>"; };
		2454BBBFB263AAE2BF4BC592 /* RegisterCompanyUseCase.swift */ = {isa = PBXFileReference; lastKnownFileType = sourcecode.swift; path = RegisterCompanyUseCase.swift; sourceTree = "<group>"; };
		297698E132540D92E822DF7F /* CompanyRepository.swift */ = {isa = PBXFileReference; lastKnownFileType = sourcecode.swift; path = CompanyRepository.swift; sourceTree = "<group>"; };
		2AA028EBE859BC0B722E3E55 /* .placeholder */ = {isa = PBXFileReference; lastKnownFileType = text; path = .placeholder; sourceTree = "<group>"; };
		2F3D53E32FF3D833A26F896C /* GetPendingSurvey.swift */ = {isa = PBXFileReference; lastKnownFileType = sourcecode.swift; path = GetPendingSurvey.swift; sourceTree = "<group>"; };
		2F4ACB96FF4E39596863C75D /* CustomCornerImage.swift */ = {isa = PBXFileReference; lastKnownFileType = sourcecode.swift; path = CustomCornerImage.swift; sourceTree = "<group>"; };
		38170547F49AAF041BB620DE /* Error.swift */ = {isa = PBXFileReference; lastKnownFileType = sourcecode.swift; path = Error.swift; sourceTree = "<group>"; };
		434CEB918449F020A6B23393 /* fetchAllEcoInfo.swift */ = {isa = PBXFileReference; lastKnownFileType = sourcecode.swift; path = fetchAllEcoInfo.swift; sourceTree = "<group>"; };
		4E4A9BFC41E538B47C49264B /* SurveyView.swift */ = {isa = PBXFileReference; lastKnownFileType = sourcecode.swift; path = SurveyView.swift; sourceTree = "<group>"; };
		5413A21FEF76E3533AA032B4 /* Constants.swift */ = {isa = PBXFileReference; lastKnownFileType = sourcecode.swift; path = Constants.swift; sourceTree = "<group>"; };
		5966D5A884275F53D5C5BCF0 /* LoginViewModel.swift */ = {isa = PBXFileReference; lastKnownFileType = sourcecode.swift; path = LoginViewModel.swift; sourceTree = "<group>"; };
		5FB67900B08B0F786C7C0845 /* CompanyModel.swift */ = {isa = PBXFileReference; lastKnownFileType = sourcecode.swift; path = CompanyModel.swift; sourceTree = "<group>"; };
		649DDFA9B1B0FB7160107B38 /* DummyRepository.swift */ = {isa = PBXFileReference; lastKnownFileType = sourcecode.swift; path = DummyRepository.swift; sourceTree = "<group>"; };
		6A35459EC0ACF0E12088FF78 /* CompanyRegisterFormView.swift */ = {isa = PBXFileReference; lastKnownFileType = sourcecode.swift; path = CompanyRegisterFormView.swift; sourceTree = "<group>"; };
		6B8B27D74D88986239EDEA17 /* UserModel.swift */ = {isa = PBXFileReference; lastKnownFileType = sourcecode.swift; path = UserModel.swift; sourceTree = "<group>"; };
		6BA71F10D3DE451782590812 /* .placeholder */ = {isa = PBXFileReference; lastKnownFileType = text; path = .placeholder; sourceTree = "<group>"; };
		763A8A83C77CDD67EFF901C2 /* PaginatedQuery.swift */ = {isa = PBXFileReference; lastKnownFileType = sourcecode.swift; path = PaginatedQuery.swift; sourceTree = "<group>"; };
		7B91ECBA42EB94DCBD3DAFF3 /* GoogleSignInUseCase.swift */ = {isa = PBXFileReference; lastKnownFileType = sourcecode.swift; path = GoogleSignInUseCase.swift; sourceTree = "<group>"; };
		7D07DB39488D13F8BBCD35EF /* Preview Assets.xcassets */ = {isa = PBXFileReference; lastKnownFileType = folder.assetcatalog; path = "Preview Assets.xcassets"; sourceTree = "<group>"; };
		80926B83A17A6EE33584EDEE /* LinkButton.swift */ = {isa = PBXFileReference; lastKnownFileType = sourcecode.swift; path = LinkButton.swift; sourceTree = "<group>"; };
		8FF63C54092671D9A6134544 /* UserRegisterFormViewModel.swift */ = {isa = PBXFileReference; lastKnownFileType = sourcecode.swift; path = UserRegisterFormViewModel.swift; sourceTree = "<group>"; };
		9DF40EB6A1A9C75FEAE085C2 /* .placeholder */ = {isa = PBXFileReference; lastKnownFileType = text; path = .placeholder; sourceTree = "<group>"; };
		A3433B25CBB50AAF74ECDF1A /* UserRepository.swift */ = {isa = PBXFileReference; lastKnownFileType = sourcecode.swift; path = UserRepository.swift; sourceTree = "<group>"; };
		A496A1D85E434DDAC09886B8 /* PendingCompanyView.swift */ = {isa = PBXFileReference; lastKnownFileType = sourcecode.swift; path = PendingCompanyView.swift; sourceTree = "<group>"; };
		A5525D07FFA15298E6B7DFC2 /* ContentView.swift */ = {isa = PBXFileReference; lastKnownFileType = sourcecode.swift; path = ContentView.swift; sourceTree = "<group>"; };
		AA06B2A5EAF460C7CAC4CDE5 /* MultipleChoice.swift */ = {isa = PBXFileReference; lastKnownFileType = sourcecode.swift; path = MultipleChoice.swift; sourceTree = "<group>"; };
		AF0124FBA4A32F414021F2E0 /* TabBarView.swift */ = {isa = PBXFileReference; lastKnownFileType = sourcecode.swift; path = TabBarView.swift; sourceTree = "<group>"; };
		B0C2DA4A6BD15AEED9535214 /* EcoInfoRepository.swift */ = {isa = PBXFileReference; lastKnownFileType = sourcecode.swift; path = EcoInfoRepository.swift; sourceTree = "<group>"; };
		B1569DB68B416266FD7F07FB /* SurveyViewModel.swift */ = {isa = PBXFileReference; lastKnownFileType = sourcecode.swift; path = SurveyViewModel.swift; sourceTree = "<group>"; };
		B1CAE1F61544C41BC35E8839 /* UserData.swift */ = {isa = PBXFileReference; lastKnownFileType = sourcecode.swift; path = UserData.swift; sourceTree = "<group>"; };
		B7809503C1FE50DA02B033B8 /* .placeholder */ = {isa = PBXFileReference; lastKnownFileType = text; path = .placeholder; sourceTree = "<group>"; };
		B83FC32A0A7DA8E26DC8C255 /* OpenQuestion.swift */ = {isa = PBXFileReference; lastKnownFileType = sourcecode.swift; path = OpenQuestion.swift; sourceTree = "<group>"; };
		C1BF39DA128C9FE003F3D031 /* EcoInfoViewModel.swift */ = {isa = PBXFileReference; lastKnownFileType = sourcecode.swift; path = EcoInfoViewModel.swift; sourceTree = "<group>"; };
		C316C5B785FDBE75C5807437 /* SendButton.swift */ = {isa = PBXFileReference; lastKnownFileType = sourcecode.swift; path = SendButton.swift; sourceTree = "<group>"; };
		C578BB227E452F9EA2337390 /* GreenCircle.app */ = {isa = PBXFileReference; includeInIndex = 0; lastKnownFileType = wrapper.application; path = GreenCircle.app; sourceTree = BUILT_PRODUCTS_DIR; };
		C8175612F9FE7843F409BFFD /* CompanyRegisterViewModel.swift */ = {isa = PBXFileReference; lastKnownFileType = sourcecode.swift; path = CompanyRegisterViewModel.swift; sourceTree = "<group>"; };
		CA2E3DC2B2A8C20997055D24 /* NavBarTheme.swift */ = {isa = PBXFileReference; lastKnownFileType = sourcecode.swift; path = NavBarTheme.swift; sourceTree = "<group>"; };
		CA45CCA52002B037364ED6CA /* Info.plist */ = {isa = PBXFileReference; lastKnownFileType = text.plist; path = Info.plist; sourceTree = "<group>"; };
		CD64C2E746845B03EB3A780C /* Assets.xcassets */ = {isa = PBXFileReference; lastKnownFileType = folder.assetcatalog; path = Assets.xcassets; sourceTree = "<group>"; };
		D61AF7787CA3E07EC8E7C058 /* SurveyModel.swift */ = {isa = PBXFileReference; lastKnownFileType = sourcecode.swift; path = SurveyModel.swift; sourceTree = "<group>"; };
		DB2EBCEAC8E630D51AE28969 /* EcoInfoModel.swift */ = {isa = PBXFileReference; lastKnownFileType = sourcecode.swift; path = EcoInfoModel.swift; sourceTree = "<group>"; };
		DDDF09FCA4D57ACDEC28BE07 /* EcoInfoView.swift */ = {isa = PBXFileReference; lastKnownFileType = sourcecode.swift; path = EcoInfoView.swift; sourceTree = "<group>"; };
		DE4797DA229F27D44D78784E /* Components.swift */ = {isa = PBXFileReference; lastKnownFileType = sourcecode.swift; path = Components.swift; sourceTree = "<group>"; };
		DFBB41AA8492EA392FC8D092 /* UserRegisterUseCase.swift */ = {isa = PBXFileReference; lastKnownFileType = sourcecode.swift; path = UserRegisterUseCase.swift; sourceTree = "<group>"; };
		E38FC48612065C302550813B /* UserRegisterFormView.swift */ = {isa = PBXFileReference; lastKnownFileType = sourcecode.swift; path = UserRegisterFormView.swift; sourceTree = "<group>"; };
		E5BAB34491CD8E2DB12A11D9 /* MainButton.swift */ = {isa = PBXFileReference; lastKnownFileType = sourcecode.swift; path = MainButton.swift; sourceTree = "<group>"; };
		E65C219AB8BE499C3F8C7537 /* ScaleQuestion.swift */ = {isa = PBXFileReference; lastKnownFileType = sourcecode.swift; path = ScaleQuestion.swift; sourceTree = "<group>"; };
		EC7A69D5FD2F9F9D7E2ACBF4 /* CoordinatorView.swift */ = {isa = PBXFileReference; lastKnownFileType = sourcecode.swift; path = CoordinatorView.swift; sourceTree = "<group>"; };
		ECA971AA116AF6E8C684B3B5 /* .placeholder */ = {isa = PBXFileReference; lastKnownFileType = text; path = .placeholder; sourceTree = "<group>"; };
		ED88CC126A98875FF4EF8EBF /* SplashScreenView.swift */ = {isa = PBXFileReference; lastKnownFileType = sourcecode.swift; path = SplashScreenView.swift; sourceTree = "<group>"; };
		EFE787DB803ED42F069ECFDF /* LoginView.swift */ = {isa = PBXFileReference; lastKnownFileType = sourcecode.swift; path = LoginView.swift; sourceTree = "<group>"; };
		F34017F1DFA61C1E9747B4CC /* MainMenuView.swift */ = {isa = PBXFileReference; lastKnownFileType = sourcecode.swift; path = MainMenuView.swift; sourceTree = "<group>"; };
		F9076E76050EDCA9B4158239 /* NetworkAPIService.swift */ = {isa = PBXFileReference; lastKnownFileType = sourcecode.swift; path = NetworkAPIService.swift; sourceTree = "<group>"; };
		F922C69FB54681A02D795CAE /* DummyModel.swift */ = {isa = PBXFileReference; lastKnownFileType = sourcecode.swift; path = DummyModel.swift; sourceTree = "<group>"; };
		FA5A428BA7374C18B027F601 /* AuthResponseModel.swift */ = {isa = PBXFileReference; lastKnownFileType = sourcecode.swift; path = AuthResponseModel.swift; sourceTree = "<group>"; };
		FEFEBBD8446DE55DD6C1C847 /* CornerRadiusExtension.swift */ = {isa = PBXFileReference; lastKnownFileType = sourcecode.swift; path = CornerRadiusExtension.swift; sourceTree = "<group>"; };
		FF41AB7FA79CB77F90F3CA65 /* BibliographiesModel.swift */ = {isa = PBXFileReference; lastKnownFileType = sourcecode.swift; path = BibliographiesModel.swift; sourceTree = "<group>"; };
/* End PBXFileReference section */

/* Begin PBXFrameworksBuildPhase section */
		C32A5754641E8717F1437385 /* Frameworks */ = {
			isa = PBXFrameworksBuildPhase;
			buildActionMask = 2147483647;
			files = (
				A4AFE0A0EAF678787DF4B821 /* Alamofire in Frameworks */,
				EA4DEF45D683E0B8E0BEF029 /* FlowStacks in Frameworks */,
				08B3545129A1E5B5C502880B /* GoogleSignIn in Frameworks */,
				6799C29E0D3E1557896BBC18 /* GoogleSignInSwift in Frameworks */,
			);
			runOnlyForDeploymentPostprocessing = 0;
		};
/* End PBXFrameworksBuildPhase section */

/* Begin PBXGroup section */
		00FA474D5673FCDC9C4E1008 /* Login */ = {
			isa = PBXGroup;
			children = (
				6A35459EC0ACF0E12088FF78 /* CompanyRegisterFormView.swift */,
				089361EB3939B12228542100 /* CompanyRegisterView.swift */,
				DE4797DA229F27D44D78784E /* Components.swift */,
				EFE787DB803ED42F069ECFDF /* LoginView.swift */,
				A496A1D85E434DDAC09886B8 /* PendingCompanyView.swift */,
				E38FC48612065C302550813B /* UserRegisterFormView.swift */,
				1B146ED765D75A4801315713 /* UserRegisterView.swift */,
			);
			path = Login;
			sourceTree = "<group>";
		};
		0E816E6CB1C51ADB9FBEA740 /* Utils */ = {
			isa = PBXGroup;
			children = (
				1DA4BAE4D152CF69E3DDD0CF /* .placeholder */,
				5413A21FEF76E3533AA032B4 /* Constants.swift */,
				FEFEBBD8446DE55DD6C1C847 /* CornerRadiusExtension.swift */,
				2F4ACB96FF4E39596863C75D /* CustomCornerImage.swift */,
				38170547F49AAF041BB620DE /* Error.swift */,
				CA2E3DC2B2A8C20997055D24 /* NavBarTheme.swift */,
			);
			path = Utils;
			sourceTree = "<group>";
		};
		3AA24DCE0EF361CB9F6BAE52 /* Preview Content */ = {
			isa = PBXGroup;
			children = (
				7D07DB39488D13F8BBCD35EF /* Preview Assets.xcassets */,
			);
			path = "Preview Content";
			sourceTree = "<group>";
		};
		413E33A47F21D3B2DE729A4B /* Products */ = {
			isa = PBXGroup;
			children = (
				C578BB227E452F9EA2337390 /* GreenCircle.app */,
			);
			name = Products;
			sourceTree = "<group>";
		};
		447DE0133975400299321CC3 /* Views */ = {
			isa = PBXGroup;
			children = (
				EC7A69D5FD2F9F9D7E2ACBF4 /* CoordinatorView.swift */,
				18EEAAEE773A27449B95A26E /* .placeholder */,
				DDDF09FCA4D57ACDEC28BE07 /* EcoInfoView.swift */,
				F34017F1DFA61C1E9747B4CC /* MainMenuView.swift */,
				ED88CC126A98875FF4EF8EBF /* SplashScreenView.swift */,
				4E4A9BFC41E538B47C49264B /* SurveyView.swift */,
				AF0124FBA4A32F414021F2E0 /* TabBarView.swift */,
				B2A421618908A404986D4810 /* Components */,
				00FA474D5673FCDC9C4E1008 /* Login */,
			);
			path = Views;
			sourceTree = "<group>";
		};
		45479787EACC4E54B73D5419 /* Remote */ = {
			isa = PBXGroup;
			children = (
				6BA71F10D3DE451782590812 /* .placeholder */,
				46896A153288A1D734C7B6CC /* Network */,
			);
			path = Remote;
			sourceTree = "<group>";
		};
		46896A153288A1D734C7B6CC /* Network */ = {
			isa = PBXGroup;
			children = (
				236AB7734C6655A3B86E3D22 /* CustomDateFormatter.swift */,
				F9076E76050EDCA9B4158239 /* NetworkAPIService.swift */,
				763A8A83C77CDD67EFF901C2 /* PaginatedQuery.swift */,
			);
			path = Network;
			sourceTree = "<group>";
		};
		4C4B68CAB830060DE08FA867 /* GreenCircle */ = {
			isa = PBXGroup;
			children = (
				CD64C2E746845B03EB3A780C /* Assets.xcassets */,
				A5525D07FFA15298E6B7DFC2 /* ContentView.swift */,
				1438CCCA686A2C1B638AC67D /* GreenCircleApp.swift */,
				CA45CCA52002B037364ED6CA /* Info.plist */,
				7879714045D83DAD21242FE4 /* Data */,
				6E1937F0367D41856FDF1906 /* Domain */,
				6976C599A5DACC6F34597156 /* Presentation */,
				3AA24DCE0EF361CB9F6BAE52 /* Preview Content */,
				0E816E6CB1C51ADB9FBEA740 /* Utils */,
			);
			path = GreenCircle;
			sourceTree = "<group>";
		};
		6976C599A5DACC6F34597156 /* Presentation */ = {
			isa = PBXGroup;
			children = (
				D8258C74F4DFE8BF1FEDC227 /* Components */,
				D5ADA8EB581107FA43ADBDA9 /* ViewModels */,
				447DE0133975400299321CC3 /* Views */,
			);
			path = Presentation;
			sourceTree = "<group>";
		};
		6E1937F0367D41856FDF1906 /* Domain */ = {
			isa = PBXGroup;
			children = (
				B271E09B13A63433DC480907 /* Models */,
				B98F57E26F81982F06A84124 /* UseCases */,
			);
			path = Domain;
			sourceTree = "<group>";
		};
		7879714045D83DAD21242FE4 /* Data */ = {
			isa = PBXGroup;
			children = (
				45479787EACC4E54B73D5419 /* Remote */,
				DDA238360A49374BA43E9453 /* Repository */,
			);
			path = Data;
			sourceTree = "<group>";
		};
		82C06ED7E82F3D81E0874E8E /* Login */ = {
			isa = PBXGroup;
			children = (
				0E35154DBEA259640595356E /* CompanyRegisterFormViewModel.swift */,
				C8175612F9FE7843F409BFFD /* CompanyRegisterViewModel.swift */,
				5966D5A884275F53D5C5BCF0 /* LoginViewModel.swift */,
				8FF63C54092671D9A6134544 /* UserRegisterFormViewModel.swift */,
				1F5C1E0FE5D88B5F2B34BB75 /* UserRegisterViewModel.swift */,
			);
			path = Login;
			sourceTree = "<group>";
		};
		B271E09B13A63433DC480907 /* Models */ = {
			isa = PBXGroup;
			children = (
				B7809503C1FE50DA02B033B8 /* .placeholder */,
				FA5A428BA7374C18B027F601 /* AuthResponseModel.swift */,
				FF41AB7FA79CB77F90F3CA65 /* BibliographiesModel.swift */,
				5FB67900B08B0F786C7C0845 /* CompanyModel.swift */,
				F922C69FB54681A02D795CAE /* DummyModel.swift */,
				DB2EBCEAC8E630D51AE28969 /* EcoInfoModel.swift */,
				D61AF7787CA3E07EC8E7C058 /* SurveyModel.swift */,
				6B8B27D74D88986239EDEA17 /* UserModel.swift */,
			);
			path = Models;
			sourceTree = "<group>";
		};
		B2A421618908A404986D4810 /* Components */ = {
			isa = PBXGroup;
			children = (
				AA06B2A5EAF460C7CAC4CDE5 /* MultipleChoice.swift */,
				B83FC32A0A7DA8E26DC8C255 /* OpenQuestion.swift */,
				E65C219AB8BE499C3F8C7537 /* ScaleQuestion.swift */,
				C316C5B785FDBE75C5807437 /* SendButton.swift */,
			);
			path = Components;
			sourceTree = "<group>";
		};
		B98F57E26F81982F06A84124 /* UseCases */ = {
			isa = PBXGroup;
			children = (
				9DF40EB6A1A9C75FEAE085C2 /* .placeholder */,
				434CEB918449F020A6B23393 /* fetchAllEcoInfo.swift */,
				2F3D53E32FF3D833A26F896C /* GetPendingSurvey.swift */,
				7B91ECBA42EB94DCBD3DAFF3 /* GoogleSignInUseCase.swift */,
				2454BBBFB263AAE2BF4BC592 /* RegisterCompanyUseCase.swift */,
				DFBB41AA8492EA392FC8D092 /* UserRegisterUseCase.swift */,
			);
			path = UseCases;
			sourceTree = "<group>";
		};
		CC60BC341B974619062B31B8 = {
			isa = PBXGroup;
			children = (
				4C4B68CAB830060DE08FA867 /* GreenCircle */,
				413E33A47F21D3B2DE729A4B /* Products */,
			);
			sourceTree = "<group>";
		};
		D5ADA8EB581107FA43ADBDA9 /* ViewModels */ = {
			isa = PBXGroup;
			children = (
				ECA971AA116AF6E8C684B3B5 /* .placeholder */,
				C1BF39DA128C9FE003F3D031 /* EcoInfoViewModel.swift */,
				B1569DB68B416266FD7F07FB /* SurveyViewModel.swift */,
				B1CAE1F61544C41BC35E8839 /* UserData.swift */,
				82C06ED7E82F3D81E0874E8E /* Login */,
			);
			path = ViewModels;
			sourceTree = "<group>";
		};
		D8258C74F4DFE8BF1FEDC227 /* Components */ = {
			isa = PBXGroup;
			children = (
				80926B83A17A6EE33584EDEE /* LinkButton.swift */,
				E5BAB34491CD8E2DB12A11D9 /* MainButton.swift */,
			);
			path = Components;
			sourceTree = "<group>";
		};
		DDA238360A49374BA43E9453 /* Repository */ = {
			isa = PBXGroup;
			children = (
				2AA028EBE859BC0B722E3E55 /* .placeholder */,
				297698E132540D92E822DF7F /* CompanyRepository.swift */,
				649DDFA9B1B0FB7160107B38 /* DummyRepository.swift */,
				B0C2DA4A6BD15AEED9535214 /* EcoInfoRepository.swift */,
				1E7A05DD9C4F8E71924FE007 /* SurveyRepository.swift */,
				A3433B25CBB50AAF74ECDF1A /* UserRepository.swift */,
			);
			path = Repository;
			sourceTree = "<group>";
		};
/* End PBXGroup section */

/* Begin PBXNativeTarget section */
		C0FAABA4B05AD4C16CFD93C2 /* GreenCircle */ = {
			isa = PBXNativeTarget;
			buildConfigurationList = F1C4490ACF2307971D711A51 /* Build configuration list for PBXNativeTarget "GreenCircle" */;
			buildPhases = (
				46867EBC1320F9CEA3EDF473 /* Sources */,
				88C979466D071313D4A8689D /* Resources */,
				C32A5754641E8717F1437385 /* Frameworks */,
			);
			buildRules = (
			);
			dependencies = (
			);
			name = GreenCircle;
			packageProductDependencies = (
				D9AA56700A6ADE270F264640 /* Alamofire */,
				7AD16D6929E647B0C0ACD715 /* FlowStacks */,
				62E777376FD6117EBACD7A9B /* GoogleSignIn */,
				A7E0BFC9DCBFAF6DBCF6A8F8 /* GoogleSignInSwift */,
			);
			productName = GreenCircle;
			productReference = C578BB227E452F9EA2337390 /* GreenCircle.app */;
			productType = "com.apple.product-type.application";
		};
/* End PBXNativeTarget section */

/* Begin PBXProject section */
		519ACC0A6723CBD0A91D33BD /* Project object */ = {
			isa = PBXProject;
			attributes = {
				BuildIndependentTargetsInParallel = YES;
				LastUpgradeCheck = 1430;
			};
			buildConfigurationList = 6503AFC9AEB90AB2967F5341 /* Build configuration list for PBXProject "GreenCircle" */;
			compatibilityVersion = "Xcode 14.0";
			developmentRegion = en;
			hasScannedForEncodings = 0;
			knownRegions = (
				Base,
				en,
			);
			mainGroup = CC60BC341B974619062B31B8;
			packageReferences = (
				DDC460923977C78CEB205E68 /* XCRemoteSwiftPackageReference "Alamofire" */,
				60B9BA30332999062B587E9A /* XCRemoteSwiftPackageReference "FlowStacks" */,
				E5E19AE425992DDEDC810607 /* XCRemoteSwiftPackageReference "GoogleSignIn-iOS" */,
				D0547DE9E56E6E8446F7F7E8 /* XCRemoteSwiftPackageReference "GoogleSignIn-iOS" */,
			);
			projectDirPath = "";
			projectRoot = "";
			targets = (
				C0FAABA4B05AD4C16CFD93C2 /* GreenCircle */,
			);
		};
/* End PBXProject section */

/* Begin PBXResourcesBuildPhase section */
		88C979466D071313D4A8689D /* Resources */ = {
			isa = PBXResourcesBuildPhase;
			buildActionMask = 2147483647;
			files = (
				6E161AE27293DE5DD8EB914A /* Assets.xcassets in Resources */,
				1FDB515179C913FC2EB6D65A /* Preview Assets.xcassets in Resources */,
			);
			runOnlyForDeploymentPostprocessing = 0;
		};
/* End PBXResourcesBuildPhase section */

/* Begin PBXSourcesBuildPhase section */
		46867EBC1320F9CEA3EDF473 /* Sources */ = {
			isa = PBXSourcesBuildPhase;
			buildActionMask = 2147483647;
			files = (
				DF6573E22D777AFF6F6946C6 /* AuthResponseModel.swift in Sources */,
				68B46592A029B64E3C3F133E /* BibliographiesModel.swift in Sources */,
				E303102810E737500F1EC413 /* CompanyModel.swift in Sources */,
				AC617DA5BD975D189BD33F04 /* CompanyRegisterFormView.swift in Sources */,
				0B689E266D25D5B00544D247 /* CompanyRegisterFormViewModel.swift in Sources */,
				7525278F800B8F501B5A5B2E /* CompanyRegisterView.swift in Sources */,
				6C82A4793C9866B8CDF16755 /* CompanyRegisterViewModel.swift in Sources */,
				F6AFEF9E3AF8720C21B4909A /* CompanyRepository.swift in Sources */,
				2B3B5A6EC61714D918E3A9BB /* Components.swift in Sources */,
				723B3EDA4BDA4BAB8EC5B090 /* Constants.swift in Sources */,
				06D0F2862573C53200047819 /* ContentView.swift in Sources */,
				A67A3B42D3E1C0FBA575EECB /* CoordinatorView.swift in Sources */,
				5C0AF0BF8E925D9ECCDCE1C7 /* CornerRadiusExtension.swift in Sources */,
				69D234ACAB93C835F06A2B03 /* CustomCornerImage.swift in Sources */,
				373B6957608BFA107D169468 /* CustomDateFormatter.swift in Sources */,
				E98D2616FC02CE05133EF6E3 /* DummyModel.swift in Sources */,
				0DEA1FA4A6956E4FA8032DFB /* DummyRepository.swift in Sources */,
				03E915A70B944ADADDF39F77 /* EcoInfoModel.swift in Sources */,
				EA8E8E5FF10FFC7BD5352C34 /* EcoInfoRepository.swift in Sources */,
				81004D28CC27BA26616E0A4D /* EcoInfoView.swift in Sources */,
				2A7FD28E4632139FDFDF8E22 /* EcoInfoViewModel.swift in Sources */,
				C4829A915D1B8C31541AEE85 /* Error.swift in Sources */,
				26B04E4B1058BDA8EF051445 /* GetPendingSurvey.swift in Sources */,
				3555DD4F6D6B4EBFB0F60987 /* GoogleSignInUseCase.swift in Sources */,
				8CB1C8D8A26454C8BCCD562E /* GreenCircleApp.swift in Sources */,
				A2C7DEBF60030A1D2A294B7D /* LinkButton.swift in Sources */,
				B12AA1C3B80D3B4DB15E77FB /* LoginView.swift in Sources */,
				893406AF644F9B19D1626B48 /* LoginViewModel.swift in Sources */,
				4971225ACCE37A751D2BA94F /* MainButton.swift in Sources */,
				C5AB36806982B22CD0CF8523 /* MainMenuView.swift in Sources */,
				663775964865A9518963AB26 /* MultipleChoice.swift in Sources */,
				9A731B89CC0848AE773E7C6B /* NavBarTheme.swift in Sources */,
				3A05D0A3DA0D2BC6A9840DC6 /* NetworkAPIService.swift in Sources */,
				D10C8B92C8200EBEC0431267 /* OpenQuestion.swift in Sources */,
				21A4AD5F36914695D3CE2493 /* PaginatedQuery.swift in Sources */,
				057D8E3862E1F8D0E2A421E9 /* PendingCompanyView.swift in Sources */,
				F59CF8B03A1A58B773FD9BDB /* RegisterCompanyUseCase.swift in Sources */,
				7203F106FC4E3A663ED8B676 /* ScaleQuestion.swift in Sources */,
				78CD45219700689FA6894298 /* SendButton.swift in Sources */,
				1D6E08F59574FF939AAD54A3 /* SplashScreenView.swift in Sources */,
				24C29A521862B490B3029130 /* SurveyModel.swift in Sources */,
				6A6C70E752D2C6EB01C9CD2E /* SurveyRepository.swift in Sources */,
				752A9B0B28AEB9DD55C30D5C /* SurveyView.swift in Sources */,
				1566D8D166AE1A7F040B2A62 /* SurveyViewModel.swift in Sources */,
				9057E941BBEF0305DE2E1B9D /* TabBarView.swift in Sources */,
				B1095BABFB55B0DC632EB1E3 /* UserData.swift in Sources */,
				2954296DA671B3D004C51341 /* UserModel.swift in Sources */,
				304DDA8CA36B387CEFDF0777 /* UserRegisterFormView.swift in Sources */,
				194349639A80113993D365D9 /* UserRegisterFormViewModel.swift in Sources */,
				438EA6980D32998431C48839 /* UserRegisterUseCase.swift in Sources */,
				5C70C3EFCAF5E1C3782F598B /* UserRegisterView.swift in Sources */,
				44C6173079D0D5018B0A7A6B /* UserRegisterViewModel.swift in Sources */,
				FC70BA2F57B4E7F18AC09281 /* UserRepository.swift in Sources */,
				33668BEC4B6A81B4349EA428 /* fetchAllEcoInfo.swift in Sources */,
			);
			runOnlyForDeploymentPostprocessing = 0;
		};
/* End PBXSourcesBuildPhase section */

/* Begin XCBuildConfiguration section */
		1592BC24F7118B13108CADF5 /* Debug */ = {
			isa = XCBuildConfiguration;
			buildSettings = {
				ALWAYS_SEARCH_USER_PATHS = NO;
				CLANG_ANALYZER_NONNULL = YES;
				CLANG_ANALYZER_NUMBER_OBJECT_CONVERSION = YES_AGGRESSIVE;
				CLANG_CXX_LANGUAGE_STANDARD = "gnu++14";
				CLANG_CXX_LIBRARY = "libc++";
				CLANG_ENABLE_MODULES = YES;
				CLANG_ENABLE_OBJC_ARC = YES;
				CLANG_ENABLE_OBJC_WEAK = YES;
				CLANG_WARN_BLOCK_CAPTURE_AUTORELEASING = YES;
				CLANG_WARN_BOOL_CONVERSION = YES;
				CLANG_WARN_COMMA = YES;
				CLANG_WARN_CONSTANT_CONVERSION = YES;
				CLANG_WARN_DEPRECATED_OBJC_IMPLEMENTATIONS = YES;
				CLANG_WARN_DIRECT_OBJC_ISA_USAGE = YES_ERROR;
				CLANG_WARN_DOCUMENTATION_COMMENTS = YES;
				CLANG_WARN_EMPTY_BODY = YES;
				CLANG_WARN_ENUM_CONVERSION = YES;
				CLANG_WARN_INFINITE_RECURSION = YES;
				CLANG_WARN_INT_CONVERSION = YES;
				CLANG_WARN_NON_LITERAL_NULL_CONVERSION = YES;
				CLANG_WARN_OBJC_IMPLICIT_RETAIN_SELF = YES;
				CLANG_WARN_OBJC_LITERAL_CONVERSION = YES;
				CLANG_WARN_OBJC_ROOT_CLASS = YES_ERROR;
				CLANG_WARN_QUOTED_INCLUDE_IN_FRAMEWORK_HEADER = YES;
				CLANG_WARN_RANGE_LOOP_ANALYSIS = YES;
				CLANG_WARN_STRICT_PROTOTYPES = YES;
				CLANG_WARN_SUSPICIOUS_MOVE = YES;
				CLANG_WARN_UNGUARDED_AVAILABILITY = YES_AGGRESSIVE;
				CLANG_WARN_UNREACHABLE_CODE = YES;
				CLANG_WARN__DUPLICATE_METHOD_MATCH = YES;
				COPY_PHASE_STRIP = NO;
				DEBUG_INFORMATION_FORMAT = dwarf;
				ENABLE_STRICT_OBJC_MSGSEND = YES;
				ENABLE_TESTABILITY = YES;
				GCC_C_LANGUAGE_STANDARD = gnu11;
				GCC_DYNAMIC_NO_PIC = NO;
				GCC_NO_COMMON_BLOCKS = YES;
				GCC_OPTIMIZATION_LEVEL = 0;
				GCC_PREPROCESSOR_DEFINITIONS = (
					"$(inherited)",
					"DEBUG=1",
				);
				GCC_WARN_64_TO_32_BIT_CONVERSION = YES;
				GCC_WARN_ABOUT_RETURN_TYPE = YES_ERROR;
				GCC_WARN_UNDECLARED_SELECTOR = YES;
				GCC_WARN_UNINITIALIZED_AUTOS = YES_AGGRESSIVE;
				GCC_WARN_UNUSED_FUNCTION = YES;
				GCC_WARN_UNUSED_VARIABLE = YES;
				MTL_ENABLE_DEBUG_INFO = INCLUDE_SOURCE;
				MTL_FAST_MATH = YES;
				ONLY_ACTIVE_ARCH = YES;
				PRODUCT_NAME = "$(TARGET_NAME)";
				SDKROOT = iphoneos;
				SWIFT_ACTIVE_COMPILATION_CONDITIONS = DEBUG;
				SWIFT_OPTIMIZATION_LEVEL = "-Onone";
				SWIFT_VERSION = 5.0;
			};
			name = Debug;
		};
		52B0DF1A89EA0467BC450989 /* Release */ = {
			isa = XCBuildConfiguration;
			buildSettings = {
				ASSETCATALOG_COMPILER_APPICON_NAME = AppIcon;
				CODE_SIGN_IDENTITY = "iPhone Developer";
				INFOPLIST_FILE = GreenCircle/Info.plist;
				IPHONEOS_DEPLOYMENT_TARGET = 16.0;
				LD_RUNPATH_SEARCH_PATHS = (
					"$(inherited)",
					"@executable_path/Frameworks",
				);
				PRODUCT_BUNDLE_IDENTIFIER = organization.GreenCircle.GreenCircle;
				SDKROOT = iphoneos;
				TARGETED_DEVICE_FAMILY = "1,2";
			};
			name = Release;
		};
		89ECE923A483D3DF54BFE56B /* Debug */ = {
			isa = XCBuildConfiguration;
			buildSettings = {
				ASSETCATALOG_COMPILER_APPICON_NAME = AppIcon;
				CODE_SIGN_IDENTITY = "iPhone Developer";
				INFOPLIST_FILE = GreenCircle/Info.plist;
				IPHONEOS_DEPLOYMENT_TARGET = 16.0;
				LD_RUNPATH_SEARCH_PATHS = (
					"$(inherited)",
					"@executable_path/Frameworks",
				);
				PRODUCT_BUNDLE_IDENTIFIER = organization.GreenCircle.GreenCircle;
				SDKROOT = iphoneos;
				TARGETED_DEVICE_FAMILY = "1,2";
			};
			name = Debug;
		};
		C10D85AEBF6844E778E0A97F /* Release */ = {
			isa = XCBuildConfiguration;
			buildSettings = {
				ALWAYS_SEARCH_USER_PATHS = NO;
				CLANG_ANALYZER_NONNULL = YES;
				CLANG_ANALYZER_NUMBER_OBJECT_CONVERSION = YES_AGGRESSIVE;
				CLANG_CXX_LANGUAGE_STANDARD = "gnu++14";
				CLANG_CXX_LIBRARY = "libc++";
				CLANG_ENABLE_MODULES = YES;
				CLANG_ENABLE_OBJC_ARC = YES;
				CLANG_ENABLE_OBJC_WEAK = YES;
				CLANG_WARN_BLOCK_CAPTURE_AUTORELEASING = YES;
				CLANG_WARN_BOOL_CONVERSION = YES;
				CLANG_WARN_COMMA = YES;
				CLANG_WARN_CONSTANT_CONVERSION = YES;
				CLANG_WARN_DEPRECATED_OBJC_IMPLEMENTATIONS = YES;
				CLANG_WARN_DIRECT_OBJC_ISA_USAGE = YES_ERROR;
				CLANG_WARN_DOCUMENTATION_COMMENTS = YES;
				CLANG_WARN_EMPTY_BODY = YES;
				CLANG_WARN_ENUM_CONVERSION = YES;
				CLANG_WARN_INFINITE_RECURSION = YES;
				CLANG_WARN_INT_CONVERSION = YES;
				CLANG_WARN_NON_LITERAL_NULL_CONVERSION = YES;
				CLANG_WARN_OBJC_IMPLICIT_RETAIN_SELF = YES;
				CLANG_WARN_OBJC_LITERAL_CONVERSION = YES;
				CLANG_WARN_OBJC_ROOT_CLASS = YES_ERROR;
				CLANG_WARN_QUOTED_INCLUDE_IN_FRAMEWORK_HEADER = YES;
				CLANG_WARN_RANGE_LOOP_ANALYSIS = YES;
				CLANG_WARN_STRICT_PROTOTYPES = YES;
				CLANG_WARN_SUSPICIOUS_MOVE = YES;
				CLANG_WARN_UNGUARDED_AVAILABILITY = YES_AGGRESSIVE;
				CLANG_WARN_UNREACHABLE_CODE = YES;
				CLANG_WARN__DUPLICATE_METHOD_MATCH = YES;
				COPY_PHASE_STRIP = NO;
				DEBUG_INFORMATION_FORMAT = "dwarf-with-dsym";
				ENABLE_NS_ASSERTIONS = NO;
				ENABLE_STRICT_OBJC_MSGSEND = YES;
				GCC_C_LANGUAGE_STANDARD = gnu11;
				GCC_NO_COMMON_BLOCKS = YES;
				GCC_WARN_64_TO_32_BIT_CONVERSION = YES;
				GCC_WARN_ABOUT_RETURN_TYPE = YES_ERROR;
				GCC_WARN_UNDECLARED_SELECTOR = YES;
				GCC_WARN_UNINITIALIZED_AUTOS = YES_AGGRESSIVE;
				GCC_WARN_UNUSED_FUNCTION = YES;
				GCC_WARN_UNUSED_VARIABLE = YES;
				MTL_ENABLE_DEBUG_INFO = NO;
				MTL_FAST_MATH = YES;
				PRODUCT_NAME = "$(TARGET_NAME)";
				SDKROOT = iphoneos;
				SWIFT_COMPILATION_MODE = wholemodule;
				SWIFT_OPTIMIZATION_LEVEL = "-O";
				SWIFT_VERSION = 5.0;
			};
			name = Release;
		};
/* End XCBuildConfiguration section */

/* Begin XCConfigurationList section */
		6503AFC9AEB90AB2967F5341 /* Build configuration list for PBXProject "GreenCircle" */ = {
			isa = XCConfigurationList;
			buildConfigurations = (
				1592BC24F7118B13108CADF5 /* Debug */,
				C10D85AEBF6844E778E0A97F /* Release */,
			);
			defaultConfigurationIsVisible = 0;
			defaultConfigurationName = Debug;
		};
		F1C4490ACF2307971D711A51 /* Build configuration list for PBXNativeTarget "GreenCircle" */ = {
			isa = XCConfigurationList;
			buildConfigurations = (
				89ECE923A483D3DF54BFE56B /* Debug */,
				52B0DF1A89EA0467BC450989 /* Release */,
			);
			defaultConfigurationIsVisible = 0;
			defaultConfigurationName = Debug;
		};
/* End XCConfigurationList section */

/* Begin XCRemoteSwiftPackageReference section */
		60B9BA30332999062B587E9A /* XCRemoteSwiftPackageReference "FlowStacks" */ = {
			isa = XCRemoteSwiftPackageReference;
			repositoryURL = "https://github.com/johnpatrickmorgan/FlowStacks";
			requirement = {
				kind = upToNextMajorVersion;
				minimumVersion = 0.3.0;
			};
		};
		D0547DE9E56E6E8446F7F7E8 /* XCRemoteSwiftPackageReference "GoogleSignIn-iOS" */ = {
			isa = XCRemoteSwiftPackageReference;
			repositoryURL = "https://github.com/google/GoogleSignIn-iOS";
			requirement = {
				kind = upToNextMajorVersion;
				minimumVersion = 7.0.0;
			};
		};
		DDC460923977C78CEB205E68 /* XCRemoteSwiftPackageReference "Alamofire" */ = {
			isa = XCRemoteSwiftPackageReference;
			repositoryURL = "https://github.com/Alamofire/Alamofire";
			requirement = {
				kind = upToNextMajorVersion;
				minimumVersion = 5.0.0;
			};
		};
		E5E19AE425992DDEDC810607 /* XCRemoteSwiftPackageReference "GoogleSignIn-iOS" */ = {
			isa = XCRemoteSwiftPackageReference;
			repositoryURL = "https://github.com/google/GoogleSignIn-iOS";
			requirement = {
				kind = upToNextMajorVersion;
				minimumVersion = 7.0.0;
			};
		};
/* End XCRemoteSwiftPackageReference section */

/* Begin XCSwiftPackageProductDependency section */
		62E777376FD6117EBACD7A9B /* GoogleSignIn */ = {
			isa = XCSwiftPackageProductDependency;
			package = E5E19AE425992DDEDC810607 /* XCRemoteSwiftPackageReference "GoogleSignIn-iOS" */;
			productName = GoogleSignIn;
		};
		7AD16D6929E647B0C0ACD715 /* FlowStacks */ = {
			isa = XCSwiftPackageProductDependency;
			package = 60B9BA30332999062B587E9A /* XCRemoteSwiftPackageReference "FlowStacks" */;
			productName = FlowStacks;
		};
		A7E0BFC9DCBFAF6DBCF6A8F8 /* GoogleSignInSwift */ = {
			isa = XCSwiftPackageProductDependency;
			package = D0547DE9E56E6E8446F7F7E8 /* XCRemoteSwiftPackageReference "GoogleSignIn-iOS" */;
			productName = GoogleSignInSwift;
		};
		D9AA56700A6ADE270F264640 /* Alamofire */ = {
			isa = XCSwiftPackageProductDependency;
			package = DDC460923977C78CEB205E68 /* XCRemoteSwiftPackageReference "Alamofire" */;
			productName = Alamofire;
		};
/* End XCSwiftPackageProductDependency section */
	};
	rootObject = 519ACC0A6723CBD0A91D33BD /* Project object */;
}
